{
  "version": 4,
  "terraform_version": "1.10.5",
  "serial": 15,
  "lineage": "de117641-8e11-fa8a-96f4-b386873e2943",
  "outputs": {},
  "resources": [
    {
      "mode": "managed",
      "type": "openai_assistant",
      "name": "customer_support",
      "provider": "provider[\"registry.terraform.io/happypathway/openai\"]",
      "instances": [
        {
          "schema_version": 0,
          "attributes": {
            "created_at": 1741249244,
            "description": "An assistant that helps with customer inquiries about our products",
            "file_ids": null,
            "file_path": null,
            "id": "asst_PNtbF12jRzJlMjboIiMBgw8w",
            "instructions": "You are a customer support assistant for a technology company.\n    \nFollow these guidelines:\n1. Be friendly and professional\n2. Answer questions based on the provided knowledge bases\n3. If you don't know the answer, say so and offer to escalate to a human agent\n4. Don't make up information not in the knowledge bases\n5. Format responses with markdown when helpful\n",
            "metadata": {
              "department": "customer_support",
              "team": "technical",
              "version": "1.0"
            },
            "model": "gpt-4-1106-preview",
            "name": "Customer Support Assistant",
            "object_id": "asst_PNtbF12jRzJlMjboIiMBgw8w",
            "tools": [
              {
                "function_definition": null,
                "type": "code_interpreter"
              },
              {
                "function_definition": null,
                "type": "file_search"
              }
            ]
          },
          "sensitive_attributes": []
        }
      ]
    }
  ],
  "check_results": null
}
