{
  "version": 4,
  "terraform_version": "1.10.5",
  "serial": 4,
  "lineage": "de117641-8e11-fa8a-96f4-b386873e2943",
  "outputs": {},
  "resources": [
    {
      "mode": "managed",
      "type": "openai_file",
      "name": "knowledge_base",
      "provider": "provider[\"registry.terraform.io/happypathway/openai\"]",
      "instances": [
        {
          "schema_version": 0,
          "attributes": {
            "bytes": 29,
            "created_at": 1740983328,
            "file_path": "./data/knowledge_base.json",
            "filename": "knowledge_base.pdf",
            "id": "file-PYgxTKbaGp5uqozeQqE18a",
            "object_id": "file-PYgxTKbaGp5uqozeQqE18a",
            "purpose": "assistants",
            "status": "processed",
            "status_details": ""
          },
          "sensitive_attributes": []
        }
      ]
    }
  ],
  "check_results": null
}
