{
  "version": 4,
  "terraform_version": "1.10.5",
  "serial": 348,
  "lineage": "aee089c5-555e-8768-08dd-049ad08c5a97",
  "outputs": {
    "assistant_id": {
      "value": "asst_VUl9kFiRpLiQvos5BaWMTiTB",
      "type": "string"
    }
  },
  "resources": [
    {
      "mode": "managed",
      "type": "openai_assistant",
      "name": "customer_support",
      "provider": "provider[\"registry.terraform.io/happypathway/openai\"]",
      "instances": [
        {
          "schema_version": 0,
          "attributes": {
            "created_at": 1741333933,
            "description": "An assistant that helps with customer inquiries about our products",
            "id": "asst_VUl9kFiRpLiQvos5BaWMTiTB",
            "instructions": "You are a customer support assistant for a technology company.\n    \nFollow these guidelines:\n1. Be friendly and professional\n2. Answer questions based on the provided knowledge bases\n3. If you don't know the answer, say so and offer to escalate to a human agent\n4. Don't make up information not in the knowledge bases\n5. Format responses with markdown when helpful\n",
            "metadata": {
              "department": "customer_support",
              "team": "technical",
              "version": "1.0"
            },
            "model": "gpt-4-1106-preview",
            "name": "Customer Support Assistant",
            "tool_resources": null,
            "tools": [
              "code_interpreter",
              "file_search"
            ]
          },
          "sensitive_attributes": []
        }
      ]
    },
    {
      "mode": "managed",
      "type": "openai_file",
      "name": "additional_info",
      "provider": "provider[\"registry.terraform.io/happypathway/openai\"]",
      "instances": [
        {
          "schema_version": 0,
          "attributes": {
            "bytes": 342,
            "created_at": 1741333933,
            "file_path": "./data/additional_info.json",
            "filename": "additional_info.json",
            "id": "file-UctY7HuAUQGqDhuABJLV9a",
            "object_id": "file-UctY7HuAUQGqDhuABJLV9a",
            "purpose": "assistants",
            "status": "processed",
            "status_details": null
          },
          "sensitive_attributes": []
        }
      ]
    },
    {
      "mode": "managed",
      "type": "openai_file",
      "name": "knowledge_base",
      "provider": "provider[\"registry.terraform.io/happypathway/openai\"]",
      "instances": [
        {
          "schema_version": 0,
          "attributes": {
            "bytes": 280,
            "created_at": 1741333933,
            "file_path": "./data/knowledge_base.json",
            "filename": "knowledge_base.json",
            "id": "file-WRJTwkhZgwMzWVpf1b5Sx7",
            "object_id": "file-WRJTwkhZgwMzWVpf1b5Sx7",
            "purpose": "assistants",
            "status": "processed",
            "status_details": null
          },
          "sensitive_attributes": []
        }
      ]
    }
  ],
  "check_results": null
}
