{
  "version": 4,
  "terraform_version": "1.10.5",
  "serial": 19,
  "lineage": "2bde3e70-057c-61e2-1885-5b100c83b66a",
  "outputs": {},
  "resources": [
    {
      "mode": "managed",
      "type": "openai_assistant",
      "name": "infra_docs",
      "provider": "provider[\"registry.terraform.io/happypathway/openai\"]",
      "instances": [
        {
          "schema_version": 0,
          "attributes": {
            "created_at": 1741798605,
            "description": null,
            "id": "asst_FhSBe3D7znBaQQ7GAb7YqINE",
            "instructions": "You are a specialized infrastructure documentation assistant.\nYour tasks include:\n1. Analyzing and understanding infrastructure configurations\n2. Generating and updating documentation\n3. Answering questions about infrastructure design\n4. Providing best practices and recommendations\n5. Helping maintain documentation accuracy and completeness\n\nWhen responding:\n- Be precise and technical in your explanations\n- Reference specific sections of the documentation\n- Provide concrete examples when explaining concepts\n- Highlight important security and compliance considerations\n- Suggest improvements to existing documentation\n",
            "metadata": {
              "department": "Infrastructure",
              "documentation": "https://platform.openai.com/docs/assistants-api",
              "last_updated": "2024-04-17",
              "purpose": "Documentation Management",
              "version": "2.0"
            },
            "model": "gpt-4-turbo-preview",
            "name": "Infrastructure Documentation Assistant",
            "tool_resources": null,
            "tools": [
              "code_interpreter",
              "file_search"
            ]
          },
          "sensitive_attributes": []
        }
      ]
    },
    {
      "mode": "managed",
      "type": "openai_file",
      "name": "architecture_docs",
      "provider": "provider[\"registry.terraform.io/happypathway/openai\"]",
      "instances": [
        {
          "schema_version": 0,
          "attributes": {
            "bytes": 445,
            "content": null,
            "created_at": 1741746714,
            "file_path": "./docs/architecture-overview.md",
            "filename": "architecture-overview.md",
            "id": "file-PN212R3wZTjGF565GhMyW6",
            "object_id": "file-PN212R3wZTjGF565GhMyW6",
            "purpose": "assistants",
            "status": "processed",
            "status_details": ""
          },
          "sensitive_attributes": [
            [
              {
                "type": "get_attr",
                "value": "content"
              }
            ]
          ]
        }
      ]
    },
    {
      "mode": "managed",
      "type": "openai_file",
      "name": "terraform_docs",
      "provider": "provider[\"registry.terraform.io/happypathway/openai\"]",
      "instances": [
        {
          "schema_version": 0,
          "attributes": {
            "bytes": 454,
            "content": null,
            "created_at": 1741746714,
            "file_path": "./docs/terraform-infrastructure.md",
            "filename": "terraform-infrastructure.md",
            "id": "file-2Nkmp5Cb9wBowJx8XhSc7q",
            "object_id": "file-2Nkmp5Cb9wBowJx8XhSc7q",
            "purpose": "assistants",
            "status": "processed",
            "status_details": ""
          },
          "sensitive_attributes": [
            [
              {
                "type": "get_attr",
                "value": "content"
              }
            ]
          ]
        }
      ]
    },
    {
      "mode": "managed",
      "type": "openai_message",
      "name": "init_docs",
      "provider": "provider[\"registry.terraform.io/happypathway/openai\"]",
      "instances": [
        {
          "status": "tainted",
          "schema_version": 0,
          "attributes": {
            "assistant_id": null,
            "attachment": null,
            "content": "Please analyze our infrastructure documentation and provide:\n1. A high-level overview of our current infrastructure\n2. List any missing or outdated documentation sections\n3. Recommend improvements for better documentation coverage\n4. Identify any security or compliance gaps in documentation\n",
            "created_at": 1741933733,
            "id": "msg_gAOV096DFhwb9SxvVfPQ3ge1",
            "metadata": {
              "task": "documentation-review",
              "type": "initial-analysis"
            },
            "object": "thread.message",
            "role": "user",
            "run_id": null,
            "thread_id": "thread_pHC7OMhGEkK4aisGfuqS51QP"
          },
          "sensitive_attributes": [],
          "dependencies": [
            "openai_assistant.infra_docs",
            "openai_file.architecture_docs",
            "openai_file.terraform_docs",
            "openai_thread.docs_manager"
          ]
        }
      ]
    },
    {
      "mode": "managed",
      "type": "openai_thread",
      "name": "docs_manager",
      "provider": "provider[\"registry.terraform.io/happypathway/openai\"]",
      "instances": [
        {
          "schema_version": 0,
          "attributes": {
            "created_at": 1741490729,
            "id": "thread_pHC7OMhGEkK4aisGfuqS51QP",
            "messages": [],
            "metadata": {
              "environment": "production",
              "project": "Infrastructure Documentation",
              "type": "documentation-management"
            },
            "object": "thread",
            "tool_resources": {
              "code_interpreter": null,
              "file_search": {
                "vector_store_ids": [
                  "vs_67d3c19af23c8191b8e789dc111df5b8"
                ]
              }
            },
            "tools": null
          },
          "sensitive_attributes": []
        }
      ]
    }
  ],
  "check_results": null
}
