{
  "version": 4,
  "terraform_version": "1.10.5",
  "serial": 3,
  "lineage": "2bde3e70-057c-61e2-1885-5b100c83b66a",
  "outputs": {},
  "resources": [
    {
      "mode": "managed",
      "type": "openai_thread",
      "name": "docs_manager",
      "provider": "provider[\"registry.terraform.io/happypathway/openai\"]",
      "instances": [
        {
          "schema_version": 0,
          "attributes": {
            "created_at": 1741490729,
            "id": "thread_pHC7OMhGEkK4aisGfuqS51QP",
            "messages": [],
            "metadata": {
              "environment": "production",
              "project": "Infrastructure Documentation",
              "type": "documentation-management"
            },
            "object": "thread",
            "tool_resources": null,
            "tools": null
          },
          "sensitive_attributes": []
        }
      ]
    }
  ],
  "check_results": null
}
