{
  "version": 4,
  "terraform_version": "1.10.5",
  "serial": 9,
  "lineage": "6ba3a387-e051-89f7-f8e8-459bc33553f0",
  "outputs": {
    "assistant_file_id": {
      "value": "file-SCgJP48Dj8YAMXSV4W1Fed",
      "type": "string"
    },
    "fine_tune_file_id": {
      "value": "file-K5DABpbfuBgkWTPGdJPgbU",
      "type": "string"
    }
  },
  "resources": [
    {
      "mode": "managed",
      "type": "openai_file",
      "name": "assistant_knowledge",
      "provider": "provider[\"registry.terraform.io/happypathway/openai\"]",
      "instances": [
        {
          "schema_version": 0,
          "attributes": {
            "bytes": 19,
            "content": null,
            "created_at": 1741490622,
            "file_path": "./data/knowledge_base.pdf",
            "filename": "knowledge_base.pdf",
            "id": "file-SCgJP48Dj8YAMXSV4W1Fed",
            "object_id": "file-SCgJP48Dj8YAMXSV4W1Fed",
            "purpose": "assistants",
            "status": "processed",
            "status_details": null
          },
          "sensitive_attributes": [
            [
              {
                "type": "get_attr",
                "value": "content"
              }
            ]
          ]
        }
      ]
    },
    {
      "mode": "managed",
      "type": "openai_file",
      "name": "fine_tune_data",
      "provider": "provider[\"registry.terraform.io/happypathway/openai\"]",
      "instances": [
        {
          "schema_version": 0,
          "attributes": {
            "bytes": 40,
            "content": null,
            "created_at": 1741490622,
            "file_path": "./data/fine_tune_data.jsonl",
            "filename": "fine_tune_data.jsonl",
            "id": "file-K5DABpbfuBgkWTPGdJPgbU",
            "object_id": "file-K5DABpbfuBgkWTPGdJPgbU",
            "purpose": "fine-tune",
            "status": "processed",
            "status_details": null
          },
          "sensitive_attributes": [
            [
              {
                "type": "get_attr",
                "value": "content"
              }
            ]
          ]
        }
      ]
    }
  ],
  "check_results": null
}
