{
  "version": 4,
  "terraform_version": "1.10.5",
  "serial": 11,
  "lineage": "fd7381dd-c01e-eda4-df94-43d5a6aaf6d4",
  "outputs": {
    "usage_example": {
      "value": "# Apply this configuration with:\nterraform apply -var=\"infrastructure_code=resource \"aws_instance\" \"web\" {\n  ami           = \"ami-12345678\"\n  instance_type = \"t3.micro\"\n\n  root_block_device {\n    encrypted = false\n  }\n\n  vpc_security_group_ids = [\"sg-12345678\"]\n\n  tags = {\n    Environment = \"Production\"\n  }\n}\n\nresource \"aws_s3_bucket\" \"data\" {\n  bucket = \"my-important-data\"\n}\n\nresource \"aws_s3_bucket_public_access_block\" \"data\" {\n  bucket = aws_s3_bucket.data.id\n      \n  block_public_acls       = false\n  block_public_policy     = false\n  ignore_public_acls      = false\n  restrict_public_buckets = false\n}\n\"\n\n# The assistant will analyze the code and provide:\n# 1. Security issues (e.g., unencrypted EBS, public S3 bucket)\n# 2. Compliance violations (e.g., CIS AWS Foundations)\n# 3. Remediation steps\n",
      "type": "string"
    }
  },
  "resources": [
    {
      "mode": "managed",
      "type": "openai_file",
      "name": "aws_guidelines",
      "provider": "provider[\"registry.terraform.io/happypathway/openai\"]",
      "instances": [
        {
          "schema_version": 0,
          "attributes": {
            "bytes": 1388,
            "created_at": 1741390359,
            "file_path": "./guidelines/aws-security-best-practices.md",
            "filename": "aws-security-best-practices.md",
            "id": "file-24Xngue59W3feR8HF57c1r",
            "object_id": "file-24Xngue59W3feR8HF57c1r",
            "purpose": "assistants",
            "status": "processed",
            "status_details": null
          },
          "sensitive_attributes": []
        }
      ]
    },
    {
      "mode": "managed",
      "type": "openai_file",
      "name": "compliance_standards",
      "provider": "provider[\"registry.terraform.io/happypathway/openai\"]",
      "instances": [
        {
          "schema_version": 0,
          "attributes": {
            "bytes": 1265,
            "created_at": 1741390078,
            "file_path": "./standards/compliance-standards.json",
            "filename": "compliance-standards.json",
            "id": "file-AGZD5YsG4hJvUESJZwegDm",
            "object_id": "file-AGZD5YsG4hJvUESJZwegDm",
            "purpose": "assistants",
            "status": "processed",
            "status_details": ""
          },
          "sensitive_attributes": []
        }
      ]
    },
    {
      "mode": "managed",
      "type": "openai_file",
      "name": "security_policies",
      "provider": "provider[\"registry.terraform.io/happypathway/openai\"]",
      "instances": [
        {
          "schema_version": 0,
          "attributes": {
            "bytes": 1051,
            "created_at": 1741390359,
            "file_path": "./policies/security-policies.json",
            "filename": "security-policies.json",
            "id": "file-5GPqseVPZzguqnYKES6JWU",
            "object_id": "file-5GPqseVPZzguqnYKES6JWU",
            "purpose": "assistants",
            "status": "processed",
            "status_details": null
          },
          "sensitive_attributes": []
        }
      ]
    }
  ],
  "check_results": null
}
