{
  "version": 4,
  "terraform_version": "1.10.5",
  "serial": 15,
  "lineage": "fd7381dd-c01e-eda4-df94-43d5a6aaf6d4",
  "outputs": {
    "usage_example": {
      "value": "# Apply this configuration with:\nterraform apply -var=\"infrastructure_code=resource \"aws_instance\" \"web\" {\n  ami           = \"ami-12345678\"\n  instance_type = \"t3.micro\"\n\n  root_block_device {\n    encrypted = false\n  }\n\n  vpc_security_group_ids = [\"sg-12345678\"]\n\n  tags = {\n    Environment = \"Production\"\n  }\n}\n\nresource \"aws_s3_bucket\" \"data\" {\n  bucket = \"my-important-data\"\n}\n\nresource \"aws_s3_bucket_public_access_block\" \"data\" {\n  bucket = aws_s3_bucket.data.id\n      \n  block_public_acls       = false\n  block_public_policy     = false\n  ignore_public_acls      = false\n  restrict_public_buckets = false\n}\n\"\n\n# The assistant will analyze the code and provide:\n# 1. Security issues (e.g., unencrypted EBS, public S3 bucket)\n# 2. Compliance violations (e.g., CIS AWS Foundations)\n# 3. Remediation steps\n",
      "type": "string"
    }
  },
  "resources": [
    {
      "mode": "managed",
      "type": "openai_assistant",
      "name": "security_scanner",
      "provider": "provider[\"registry.terraform.io/happypathway/openai\"]",
      "instances": [
        {
          "schema_version": 0,
          "attributes": {
            "created_at": 1741391002,
            "description": null,
            "id": "asst_he7TPfwLUYTVIxGDRBEVkXRR",
            "instructions": "You are a specialized security and compliance assistant for infrastructure code.\nYour responsibilities include:\n1. Static analysis of infrastructure code for security issues\n2. Compliance verification against industry standards\n3. Best practices enforcement for cloud resources\n4. Security posture assessment and recommendations\n5. Generation of detailed compliance reports\n\nWhen analyzing configurations:\n- Check for security misconfigurations and vulnerabilities\n- Validate against organizational policies and compliance standards\n- Provide specific references to violated policies\n- Suggest concrete fixes with code examples\n- Consider both security and compliance implications\n- Reference relevant AWS security best practices\n",
            "metadata": {
              "department": "Security",
              "last_updated": "2024-04-17",
              "purpose": "Security Scanning",
              "standards": "CIS,NIST,SOC2",
              "version": "2.0"
            },
            "model": "gpt-4-turbo-preview",
            "name": "Security and Compliance Scanner",
            "tool_resources": {
              "code_interpreter": {
                "file_ids": [
                  "file-24Xngue59W3feR8HF57c1r",
                  "file-5GPqseVPZzguqnYKES6JWU",
                  "file-AGZD5YsG4hJvUESJZwegDm"
                ]
              },
              "file_search": null
            },
            "tools": [
              "code_interpreter",
              "file_search"
            ]
          },
          "sensitive_attributes": [],
          "dependencies": [
            "openai_file.aws_guidelines",
            "openai_file.compliance_standards",
            "openai_file.security_policies"
          ]
        }
      ]
    },
    {
      "mode": "managed",
      "type": "openai_file",
      "name": "aws_guidelines",
      "provider": "provider[\"registry.terraform.io/happypathway/openai\"]",
      "instances": [
        {
          "schema_version": 0,
          "attributes": {
            "bytes": 1388,
            "created_at": 1741390359,
            "file_path": "./guidelines/aws-security-best-practices.md",
            "filename": "aws-security-best-practices.md",
            "id": "file-24Xngue59W3feR8HF57c1r",
            "object_id": "file-24Xngue59W3feR8HF57c1r",
            "purpose": "assistants",
            "status": "processed",
            "status_details": ""
          },
          "sensitive_attributes": []
        }
      ]
    },
    {
      "mode": "managed",
      "type": "openai_file",
      "name": "compliance_standards",
      "provider": "provider[\"registry.terraform.io/happypathway/openai\"]",
      "instances": [
        {
          "schema_version": 0,
          "attributes": {
            "bytes": 1265,
            "created_at": 1741390078,
            "file_path": "./standards/compliance-standards.json",
            "filename": "compliance-standards.json",
            "id": "file-AGZD5YsG4hJvUESJZwegDm",
            "object_id": "file-AGZD5YsG4hJvUESJZwegDm",
            "purpose": "assistants",
            "status": "processed",
            "status_details": ""
          },
          "sensitive_attributes": []
        }
      ]
    },
    {
      "mode": "managed",
      "type": "openai_file",
      "name": "security_policies",
      "provider": "provider[\"registry.terraform.io/happypathway/openai\"]",
      "instances": [
        {
          "schema_version": 0,
          "attributes": {
            "bytes": 1051,
            "created_at": 1741390359,
            "file_path": "./policies/security-policies.json",
            "filename": "security-policies.json",
            "id": "file-5GPqseVPZzguqnYKES6JWU",
            "object_id": "file-5GPqseVPZzguqnYKES6JWU",
            "purpose": "assistants",
            "status": "processed",
            "status_details": ""
          },
          "sensitive_attributes": []
        }
      ]
    },
    {
      "mode": "managed",
      "type": "openai_message",
      "name": "scan_request",
      "provider": "provider[\"registry.terraform.io/happypathway/openai\"]",
      "instances": [
        {
          "status": "tainted",
          "schema_version": 0,
          "attributes": {
            "assistant_id": null,
            "content": "Please perform a comprehensive security and compliance analysis of the following infrastructure code.\nProvide a detailed report including:\n1. Security vulnerabilities and misconfigurations\n2. Compliance violations against standard frameworks (CIS, NIST, SOC2)\n3. Risk assessment for each finding\n4. Specific remediation steps with code examples\n5. References to relevant security policies and best practices\n\nInfrastructure Code:\nresource \"aws_instance\" \"web\" {\n  ami           = \"ami-12345678\"\n  instance_type = \"t3.micro\"\n\n  root_block_device {\n    encrypted = false\n  }\n\n  vpc_security_group_ids = [\"sg-12345678\"]\n\n  tags = {\n    Environment = \"Production\"\n  }\n}\n\nresource \"aws_s3_bucket\" \"data\" {\n  bucket = \"my-important-data\"\n}\n\nresource \"aws_s3_bucket_public_access_block\" \"data\" {\n  bucket = aws_s3_bucket.data.id\n      \n  block_public_acls       = false\n  block_public_policy     = false\n  ignore_public_acls      = false\n  restrict_public_buckets = false\n}\n\n",
            "created_at": 1741391003,
            "file_ids": null,
            "id": "msg_XgLX4uTnrXNunprMFdXrNOGq",
            "metadata": null,
            "object": "thread.message",
            "role": "user",
            "run_id": null,
            "thread_id": "thread_ZRArf1FhqiGyU7bj1uyrqNmK"
          },
          "sensitive_attributes": [],
          "dependencies": [
            "openai_assistant.security_scanner",
            "openai_file.aws_guidelines",
            "openai_file.compliance_standards",
            "openai_file.security_policies",
            "openai_thread.security_scan"
          ]
        }
      ]
    },
    {
      "mode": "managed",
      "type": "openai_thread",
      "name": "security_scan",
      "provider": "provider[\"registry.terraform.io/happypathway/openai\"]",
      "instances": [
        {
          "schema_version": 0,
          "attributes": {
            "created_at": 1741391001,
            "id": "thread_ZRArf1FhqiGyU7bj1uyrqNmK",
            "messages": [],
            "metadata": {
              "environment": "production",
              "scan_level": "detailed",
              "scan_type": "security-and-compliance"
            },
            "object": "thread",
            "tool_resources": null,
            "tools": null
          },
          "sensitive_attributes": []
        }
      ]
    }
  ],
  "check_results": null
}
