{
  "version": 4,
  "terraform_version": "1.10.5",
  "serial": 13,
  "lineage": "3bae8eb5-2629-9e44-07a8-133c7aa18646",
  "outputs": {
    "vector_store_info": {
      "value": {
        "id": "vs_67caa73538548191be4ec2deb77b55a5",
        "name": "data-analysis-store",
        "status": "completed",
        "usage_bytes": 0
      },
      "type": [
        "object",
        {
          "id": "string",
          "name": "string",
          "status": "string",
          "usage_bytes": "number"
        }
      ]
    }
  },
  "resources": [
    {
      "mode": "managed",
      "type": "openai_assistant",
      "name": "data_analyst",
      "provider": "provider[\"registry.terraform.io/happypathway/openai\"]",
      "instances": [
        {
          "schema_version": 0,
          "attributes": {
            "created_at": 1741334325,
            "description": "An assistant that helps analyze data using code interpreter and file search",
            "id": "asst_kBnEpGh1KdHKqWUIaamzu8J9",
            "instructions": "You are a data analysis assistant. Use the provided files and code interpreter to help analyze data and answer questions.",
            "metadata": {
              "project": "example",
              "session_type": "data_analysis"
            },
            "model": "gpt-4-turbo-preview",
            "name": "Data Analyst Assistant",
            "tool_resources": {
              "code_interpreter": {
                "file_ids": [
                  "file-3xZ8Ed8JWwKHmhGuuX4F4Y",
                  "file-D1NAaDGwKzVGxbQpWumQTb",
                  "file-F4bFWbHW9n9K1kXZqr83KE"
                ]
              },
              "file_search": null
            },
            "tools": [
              "code_interpreter"
            ]
          },
          "sensitive_attributes": [],
          "dependencies": [
            "openai_file.code_file",
            "openai_file.data_file",
            "openai_file.secondary_data_file"
          ]
        }
      ]
    },
    {
      "mode": "managed",
      "type": "openai_file",
      "name": "code_file",
      "provider": "provider[\"registry.terraform.io/happypathway/openai\"]",
      "instances": [
        {
          "schema_version": 0,
          "attributes": {
            "bytes": 952,
            "created_at": 1741334325,
            "file_path": "./analysis.py",
            "filename": "analysis.py",
            "id": "file-F4bFWbHW9n9K1kXZqr83KE",
            "object_id": "file-F4bFWbHW9n9K1kXZqr83KE",
            "purpose": "assistants",
            "status": "processed",
            "status_details": null
          },
          "sensitive_attributes": []
        }
      ]
    },
    {
      "mode": "managed",
      "type": "openai_file",
      "name": "data_file",
      "provider": "provider[\"registry.terraform.io/happypathway/openai\"]",
      "instances": [
        {
          "schema_version": 0,
          "attributes": {
            "bytes": 570,
            "created_at": 1741334325,
            "file_path": "./data.json",
            "filename": "data.json",
            "id": "file-D1NAaDGwKzVGxbQpWumQTb",
            "object_id": "file-D1NAaDGwKzVGxbQpWumQTb",
            "purpose": "assistants",
            "status": "processed",
            "status_details": null
          },
          "sensitive_attributes": []
        }
      ]
    },
    {
      "mode": "managed",
      "type": "openai_file",
      "name": "secondary_data_file",
      "provider": "provider[\"registry.terraform.io/happypathway/openai\"]",
      "instances": [
        {
          "schema_version": 0,
          "attributes": {
            "bytes": 570,
            "created_at": 1741334325,
            "file_path": "./secondary_data.json",
            "filename": "secondary_data.json",
            "id": "file-3xZ8Ed8JWwKHmhGuuX4F4Y",
            "object_id": "file-3xZ8Ed8JWwKHmhGuuX4F4Y",
            "purpose": "assistants",
            "status": "processed",
            "status_details": null
          },
          "sensitive_attributes": []
        }
      ]
    },
    {
      "mode": "managed",
      "type": "openai_message",
      "name": "initial_message",
      "provider": "provider[\"registry.terraform.io/happypathway/openai\"]",
      "instances": [
        {
          "schema_version": 0,
          "attributes": {
            "assistant_id": null,
            "attachments": [
              {
                "file_id": "file-D1NAaDGwKzVGxbQpWumQTb",
                "tools": [
                  "code_interpreter"
                ]
              }
            ],
            "content": "Please analyze the data in data.json using the provided analysis.py script.",
            "created_at": 1741334327,
            "file_ids": null,
            "id": "msg_FaUlm6XWhHKJtw4FX2ixCwq9",
            "metadata": null,
            "object": "thread.message",
            "role": "user",
            "thread_id": "thread_otRY85SD7Mr8fuZxdkEtu20u"
          },
          "sensitive_attributes": [],
          "dependencies": [
            "openai_file.code_file",
            "openai_file.data_file",
            "openai_thread.analysis_session",
            "openai_vector_store.analysis_store"
          ]
        }
      ]
    },
    {
      "mode": "managed",
      "type": "openai_thread",
      "name": "analysis_session",
      "provider": "provider[\"registry.terraform.io/happypathway/openai\"]",
      "instances": [
        {
          "schema_version": 0,
          "attributes": {
            "created_at": 1741334325,
            "id": "thread_otRY85SD7Mr8fuZxdkEtu20u",
            "metadata": {
              "project": "example",
              "session_type": "data_analysis"
            },
            "tool_resources": {
              "code_interpreter": {
                "file_ids": [
                  "file-F4bFWbHW9n9K1kXZqr83KE"
                ]
              },
              "file_search": {
                "vector_store_ids": [
                  "vs_67caa73538548191be4ec2deb77b55a5"
                ]
              }
            }
          },
          "sensitive_attributes": [],
          "dependencies": [
            "openai_file.code_file",
            "openai_vector_store.analysis_store"
          ]
        }
      ]
    },
    {
      "mode": "managed",
      "type": "openai_thread",
      "name": "analysis_session_no_tools",
      "provider": "provider[\"registry.terraform.io/happypathway/openai\"]",
      "instances": [
        {
          "schema_version": 0,
          "attributes": {
            "created_at": 1741334325,
            "id": "thread_WtNv7xZejrwOOanEbVEolXFn",
            "metadata": {
              "project": "example",
              "session_type": "data_analysis"
            },
            "tool_resources": null
          },
          "sensitive_attributes": []
        }
      ]
    },
    {
      "mode": "managed",
      "type": "openai_thread",
      "name": "analysis_session_tool_resources",
      "provider": "provider[\"registry.terraform.io/happypathway/openai\"]",
      "instances": [
        {
          "schema_version": 0,
          "attributes": {
            "created_at": 1741334325,
            "id": "thread_ERbcfpob5THbZtWFoDsn22yZ",
            "metadata": {
              "project": "example",
              "session_type": "data_analysis"
            },
            "tool_resources": {
              "code_interpreter": null,
              "file_search": null
            }
          },
          "sensitive_attributes": []
        }
      ]
    },
    {
      "mode": "managed",
      "type": "openai_vector_store",
      "name": "analysis_store",
      "provider": "provider[\"registry.terraform.io/happypathway/openai\"]",
      "instances": [
        {
          "schema_version": 0,
          "attributes": {
            "created_at": 1741334325,
            "expires_after": {
              "anchor": "last_active_at",
              "days": 90
            },
            "expires_at": 1749110325,
            "id": "vs_67caa73538548191be4ec2deb77b55a5",
            "metadata": {
              "environment": "development",
              "project": "example",
              "purpose": "data-analysis"
            },
            "name": "data-analysis-store",
            "status": "completed",
            "usage_bytes": 0
          },
          "sensitive_attributes": []
        }
      ]
    },
    {
      "mode": "managed",
      "type": "openai_vector_store_file",
      "name": "data_vectors",
      "provider": "provider[\"registry.terraform.io/happypathway/openai\"]",
      "instances": [
        {
          "schema_version": 0,
          "attributes": {
            "created_at": 1741334326,
            "file_id": "file-D1NAaDGwKzVGxbQpWumQTb",
            "id": "file-D1NAaDGwKzVGxbQpWumQTb",
            "status": "in_progress",
            "usage_bytes": 0,
            "vector_store_id": "vs_67caa73538548191be4ec2deb77b55a5"
          },
          "sensitive_attributes": [],
          "dependencies": [
            "openai_file.data_file",
            "openai_vector_store.analysis_store"
          ]
        }
      ]
    },
    {
      "mode": "managed",
      "type": "openai_vector_store_file",
      "name": "secondary_data_vectors",
      "provider": "provider[\"registry.terraform.io/happypathway/openai\"]",
      "instances": [
        {
          "schema_version": 0,
          "attributes": {
            "created_at": 1741334326,
            "file_id": "file-3xZ8Ed8JWwKHmhGuuX4F4Y",
            "id": "file-3xZ8Ed8JWwKHmhGuuX4F4Y",
            "status": "in_progress",
            "usage_bytes": 0,
            "vector_store_id": "vs_67caa73538548191be4ec2deb77b55a5"
          },
          "sensitive_attributes": [],
          "dependencies": [
            "openai_file.secondary_data_file",
            "openai_vector_store.analysis_store"
          ]
        }
      ]
    }
  ],
  "check_results": null
}
