{
  "version": 4,
  "terraform_version": "1.10.5",
  "serial": 63,
  "lineage": "3bae8eb5-2629-9e44-07a8-133c7aa18646",
  "outputs": {
    "vector_store_info": {
      "value": {
        "id": "vs_67cb7e2395ac8191a9b8458d789bc273",
        "name": "data-analysis-store",
        "status": "completed",
        "usage_bytes": 0
      },
      "type": [
        "object",
        {
          "id": "string",
          "name": "string",
          "status": "string",
          "usage_bytes": "number"
        }
      ]
    }
  },
  "resources": [
    {
      "mode": "managed",
      "type": "openai_assistant",
      "name": "data_analyst",
      "provider": "provider[\"registry.terraform.io/happypathway/openai\"]",
      "instances": [
        {
          "schema_version": 0,
          "attributes": {
            "created_at": 1741389348,
            "description": "An assistant that helps analyze data using code interpreter and file search",
            "id": "asst_q35GRtItHy7lDzAfggo1p5ye",
            "instructions": "You are a data analysis assistant. Use the provided files and code interpreter to help analyze data and answer questions.",
            "metadata": {
              "project": "example",
              "session_type": "data_analysis"
            },
            "model": "gpt-4-turbo-preview",
            "name": "Data Analyst Assistant",
            "tool_resources": {
              "code_interpreter": {
                "file_ids": [
                  "file-1SVpMHhDY41RvvBJucu3ud",
                  "file-3Rt7AGWcfdNHvVskhcqVci",
                  "file-NkW7M4uUw5EqVNUNR69oGw"
                ]
              },
              "file_search": null
            },
            "tools": [
              "code_interpreter"
            ]
          },
          "sensitive_attributes": [],
          "dependencies": [
            "openai_file.code_file",
            "openai_file.data_file",
            "openai_file.secondary_data_file"
          ]
        }
      ]
    },
    {
      "mode": "managed",
      "type": "openai_file",
      "name": "code_file",
      "provider": "provider[\"registry.terraform.io/happypathway/openai\"]",
      "instances": [
        {
          "schema_version": 0,
          "attributes": {
            "bytes": 952,
            "created_at": 1741389347,
            "file_path": "./analysis.py",
            "filename": "analysis.py",
            "id": "file-NkW7M4uUw5EqVNUNR69oGw",
            "object_id": "file-NkW7M4uUw5EqVNUNR69oGw",
            "purpose": "assistants",
            "status": "processed",
            "status_details": null
          },
          "sensitive_attributes": []
        }
      ]
    },
    {
      "mode": "managed",
      "type": "openai_file",
      "name": "data_file",
      "provider": "provider[\"registry.terraform.io/happypathway/openai\"]",
      "instances": [
        {
          "schema_version": 0,
          "attributes": {
            "bytes": 570,
            "created_at": 1741389347,
            "file_path": "./data.json",
            "filename": "data.json",
            "id": "file-3Rt7AGWcfdNHvVskhcqVci",
            "object_id": "file-3Rt7AGWcfdNHvVskhcqVci",
            "purpose": "assistants",
            "status": "processed",
            "status_details": null
          },
          "sensitive_attributes": []
        }
      ]
    },
    {
      "mode": "managed",
      "type": "openai_file",
      "name": "secondary_data_file",
      "provider": "provider[\"registry.terraform.io/happypathway/openai\"]",
      "instances": [
        {
          "schema_version": 0,
          "attributes": {
            "bytes": 570,
            "created_at": 1741389347,
            "file_path": "./secondary_data.json",
            "filename": "secondary_data.json",
            "id": "file-1SVpMHhDY41RvvBJucu3ud",
            "object_id": "file-1SVpMHhDY41RvvBJucu3ud",
            "purpose": "assistants",
            "status": "processed",
            "status_details": null
          },
          "sensitive_attributes": []
        }
      ]
    },
    {
      "mode": "managed",
      "type": "openai_message",
      "name": "initial_message",
      "provider": "provider[\"registry.terraform.io/happypathway/openai\"]",
      "instances": [
        {
          "schema_version": 0,
          "attributes": {
            "assistant_id": null,
            "content": "Please analyze the data in data.json using the provided analysis.py script.",
            "created_at": 1741389349,
            "file_ids": null,
            "id": "msg_gEXrgUb7R57NAitRwzTriIws",
            "metadata": null,
            "object": "thread.message",
            "role": "user",
            "run_id": null,
            "thread_id": "thread_G3SP7sRaJIgfRhhfKu42vbqV"
          },
          "sensitive_attributes": [],
          "dependencies": [
            "openai_file.code_file",
            "openai_thread.analysis_session",
            "openai_vector_store.analysis_store"
          ]
        }
      ]
    },
    {
      "mode": "managed",
      "type": "openai_thread",
      "name": "analysis_session",
      "provider": "provider[\"registry.terraform.io/happypathway/openai\"]",
      "instances": [
        {
          "schema_version": 0,
          "attributes": {
            "created_at": 1741389347,
            "id": "thread_G3SP7sRaJIgfRhhfKu42vbqV",
            "messages": [],
            "metadata": {
              "project": "example",
              "session_type": "data_analysis"
            },
            "object": "thread",
            "tool_resources": {
              "code_interpreter": {
                "file_ids": [
                  "file-NkW7M4uUw5EqVNUNR69oGw"
                ]
              },
              "file_search": {
                "vector_store_ids": [
                  "vs_67cb7e2395ac8191a9b8458d789bc273"
                ]
              }
            },
            "tools": null
          },
          "sensitive_attributes": [],
          "dependencies": [
            "openai_file.code_file",
            "openai_vector_store.analysis_store"
          ]
        }
      ]
    },
    {
      "mode": "managed",
      "type": "openai_thread",
      "name": "analysis_session_code_interpreter",
      "provider": "provider[\"registry.terraform.io/happypathway/openai\"]",
      "instances": [
        {
          "schema_version": 0,
          "attributes": {
            "created_at": 1741389348,
            "id": "thread_b7C5qOYRySbKm8KHmvjs4UKc",
            "messages": [],
            "metadata": {
              "project": "example",
              "session_type": "data_analysis"
            },
            "object": "thread",
            "tool_resources": {
              "code_interpreter": {
                "file_ids": [
                  "file-NkW7M4uUw5EqVNUNR69oGw"
                ]
              },
              "file_search": null
            },
            "tools": null
          },
          "sensitive_attributes": [],
          "dependencies": [
            "openai_file.code_file"
          ]
        }
      ]
    },
    {
      "mode": "managed",
      "type": "openai_thread",
      "name": "analysis_session_file_search",
      "provider": "provider[\"registry.terraform.io/happypathway/openai\"]",
      "instances": [
        {
          "schema_version": 0,
          "attributes": {
            "created_at": 1741389347,
            "id": "thread_hjTryiQSphO7S8nXcwwu33nq",
            "messages": [],
            "metadata": {
              "project": "example",
              "session_type": "data_analysis"
            },
            "object": "thread",
            "tool_resources": {
              "code_interpreter": null,
              "file_search": {
                "vector_store_ids": [
                  "vs_67cb7e2395ac8191a9b8458d789bc273"
                ]
              }
            },
            "tools": null
          },
          "sensitive_attributes": [],
          "dependencies": [
            "openai_vector_store.analysis_store"
          ]
        }
      ]
    },
    {
      "mode": "managed",
      "type": "openai_thread",
      "name": "analysis_session_no_tools",
      "provider": "provider[\"registry.terraform.io/happypathway/openai\"]",
      "instances": [
        {
          "schema_version": 0,
          "attributes": {
            "created_at": 1741389347,
            "id": "thread_5KCVgva05H1D19YkyWzVqaZ6",
            "messages": [],
            "metadata": {
              "project": "example",
              "session_type": "data_analysis"
            },
            "object": "thread",
            "tool_resources": null,
            "tools": null
          },
          "sensitive_attributes": []
        }
      ]
    },
    {
      "mode": "managed",
      "type": "openai_vector_store",
      "name": "analysis_store",
      "provider": "provider[\"registry.terraform.io/happypathway/openai\"]",
      "instances": [
        {
          "schema_version": 0,
          "attributes": {
            "created_at": 1741389347,
            "expires_after": {
              "anchor": "last_active_at",
              "days": 90
            },
            "expires_at": 1749165347,
            "id": "vs_67cb7e2395ac8191a9b8458d789bc273",
            "metadata": {
              "environment": "development",
              "project": "example",
              "purpose": "data-analysis"
            },
            "name": "data-analysis-store",
            "status": "completed",
            "usage_bytes": 0
          },
          "sensitive_attributes": []
        }
      ]
    },
    {
      "mode": "managed",
      "type": "openai_vector_store_file",
      "name": "data_vectors",
      "provider": "provider[\"registry.terraform.io/happypathway/openai\"]",
      "instances": [
        {
          "schema_version": 0,
          "attributes": {
            "created_at": 1741389348,
            "file_id": "file-3Rt7AGWcfdNHvVskhcqVci",
            "id": "file-3Rt7AGWcfdNHvVskhcqVci",
            "status": "in_progress",
            "usage_bytes": 0,
            "vector_store_id": "vs_67cb7e2395ac8191a9b8458d789bc273"
          },
          "sensitive_attributes": [],
          "dependencies": [
            "openai_file.data_file",
            "openai_vector_store.analysis_store"
          ]
        }
      ]
    },
    {
      "mode": "managed",
      "type": "openai_vector_store_file",
      "name": "secondary_data_vectors",
      "provider": "provider[\"registry.terraform.io/happypathway/openai\"]",
      "instances": [
        {
          "schema_version": 0,
          "attributes": {
            "created_at": 1741389348,
            "file_id": "file-1SVpMHhDY41RvvBJucu3ud",
            "id": "file-1SVpMHhDY41RvvBJucu3ud",
            "status": "in_progress",
            "usage_bytes": 0,
            "vector_store_id": "vs_67cb7e2395ac8191a9b8458d789bc273"
          },
          "sensitive_attributes": [],
          "dependencies": [
            "openai_file.secondary_data_file",
            "openai_vector_store.analysis_store"
          ]
        }
      ]
    }
  ],
  "check_results": null
}
