{
  "version": 4,
  "terraform_version": "1.10.5",
  "serial": 25,
  "lineage": "2285f2f4-d87f-7dcb-15d4-ed5216a87507",
  "outputs": {
    "vector_store_info": {
      "value": {
        "id": "vs_67ca8db9522c8191b4acab734f74a8d3",
        "name": "data-analysis-store",
        "status": "completed",
        "usage_bytes": 0
      },
      "type": [
        "object",
        {
          "id": "string",
          "name": "string",
          "status": "string",
          "usage_bytes": "number"
        }
      ]
    }
  },
  "resources": [
    {
      "mode": "managed",
      "type": "openai_assistant",
      "name": "data_analyst",
      "provider": "provider[\"registry.terraform.io/happypathway/openai\"]",
      "instances": [
        {
          "schema_version": 0,
          "attributes": {
            "created_at": 1741321630,
            "description": "An assistant that helps analyze data using code interpreter and file search",
            "id": "asst_vCYkOdGv4lgEXw2SfZchHVlM",
            "instructions": "You are a data analysis assistant. Use the provided files and code interpreter to help analyze data and answer questions.",
            "metadata": {
              "project": "example",
              "session_type": "data_analysis"
            },
            "model": "gpt-4-turbo-preview",
            "name": "Data Analyst Assistant",
            "tool_resources": {
              "code_interpreter": {
                "file_ids": [
                  "file-DbffyqBQBRXbcaJbPZkHLd",
                  "file-SMnVPW3TC1JxQZrfsbY97e",
                  "file-SzVkZQiJ6HpUkpyiNPQBHK"
                ]
              },
              "file_search": null
            },
            "tools": [
              "code_interpreter"
            ]
          },
          "sensitive_attributes": [],
          "dependencies": [
            "openai_file.code_file",
            "openai_file.data_file",
            "openai_file.secondary_data_file"
          ]
        }
      ]
    },
    {
      "mode": "managed",
      "type": "openai_file",
      "name": "code_file",
      "provider": "provider[\"registry.terraform.io/happypathway/openai\"]",
      "instances": [
        {
          "schema_version": 0,
          "attributes": {
            "bytes": 841,
            "created_at": 1741321516,
            "file_path": "./analysis.py",
            "filename": "analysis.py",
            "id": "file-SMnVPW3TC1JxQZrfsbY97e",
            "object_id": "file-SMnVPW3TC1JxQZrfsbY97e",
            "purpose": "assistants",
            "status": "processed",
            "status_details": ""
          },
          "sensitive_attributes": []
        }
      ]
    },
    {
      "mode": "managed",
      "type": "openai_file",
      "name": "data_file",
      "provider": "provider[\"registry.terraform.io/happypathway/openai\"]",
      "instances": [
        {
          "schema_version": 0,
          "attributes": {
            "bytes": 162,
            "created_at": 1741321516,
            "file_path": "./data.csv",
            "filename": "data.csv",
            "id": "file-DbffyqBQBRXbcaJbPZkHLd",
            "object_id": "file-DbffyqBQBRXbcaJbPZkHLd",
            "purpose": "assistants",
            "status": "processed",
            "status_details": ""
          },
          "sensitive_attributes": []
        }
      ]
    },
    {
      "mode": "managed",
      "type": "openai_file",
      "name": "secondary_data_file",
      "provider": "provider[\"registry.terraform.io/happypathway/openai\"]",
      "instances": [
        {
          "schema_version": 0,
          "attributes": {
            "bytes": 162,
            "created_at": 1741321629,
            "file_path": "./secondary_data.csv",
            "filename": "secondary_data.csv",
            "id": "file-SzVkZQiJ6HpUkpyiNPQBHK",
            "object_id": "file-SzVkZQiJ6HpUkpyiNPQBHK",
            "purpose": "assistants",
            "status": "processed",
            "status_details": ""
          },
          "sensitive_attributes": []
        }
      ]
    },
    {
      "mode": "managed",
      "type": "openai_thread",
      "name": "analysis_session",
      "provider": "provider[\"registry.terraform.io/happypathway/openai\"]",
      "instances": [
        {
          "status": "tainted",
          "schema_version": 0,
          "attributes": {
            "created_at": 1741328090,
            "id": "thread_qVpIgJ1NWTAwOXPHC0B07sxR",
            "metadata": {
              "project": "example",
              "session_type": "data_analysis"
            },
            "tool_resources": {
              "code_interpreter": {
                "file_ids": []
              },
              "file_search": {
                "vector_store_ids": [
                  "vs_67ca8db9522c8191b4acab734f74a8d3"
                ]
              }
            }
          },
          "sensitive_attributes": [],
          "dependencies": [
            "openai_vector_store.analysis_store"
          ]
        }
      ]
    },
    {
      "mode": "managed",
      "type": "openai_vector_store",
      "name": "analysis_store",
      "provider": "provider[\"registry.terraform.io/happypathway/openai\"]",
      "instances": [
        {
          "schema_version": 0,
          "attributes": {
            "created_at": 1741327801,
            "expires_after": {
              "anchor": "last_active_at",
              "days": 90
            },
            "expires_at": 1749103801,
            "id": "vs_67ca8db9522c8191b4acab734f74a8d3",
            "metadata": {
              "environment": "development",
              "project": "example",
              "purpose": "data-analysis"
            },
            "name": "data-analysis-store",
            "status": "completed",
            "usage_bytes": 0
          },
          "sensitive_attributes": []
        }
      ]
    }
  ],
  "check_results": null
}
