{
  "version": 4,
  "terraform_version": "1.10.5",
  "serial": 275,
  "lineage": "3bae8eb5-2629-9e44-07a8-133c7aa18646",
  "outputs": {
    "vector_store_info": {
      "value": {
        "id": "vs_67cd0bc455108191bc1826fa774eed90",
        "name": "data-analysis-store",
        "status": "completed",
        "usage_bytes": 0
      },
      "type": [
        "object",
        {
          "id": "string",
          "name": "string",
          "status": "string",
          "usage_bytes": "number"
        }
      ]
    }
  },
  "resources": [
    {
      "mode": "managed",
      "type": "openai_assistant",
      "name": "data_analyst",
      "provider": "provider[\"registry.terraform.io/happypathway/openai\"]",
      "instances": [
        {
          "schema_version": 0,
          "attributes": {
            "created_at": 1741491140,
            "description": "An assistant that helps analyze data using code interpreter and file search",
            "id": "asst_mctitIWY7GwhLjn0lumQrzgH",
            "instructions": "You are a data analysis assistant. Use the provided files and code interpreter to help analyze data and answer questions.",
            "metadata": {
              "project": "example",
              "session_type": "data_analysis"
            },
            "model": "gpt-4-turbo-preview",
            "name": "Data Analyst Assistant",
            "tool_resources": {
              "code_interpreter": {
                "file_ids": [
                  "file-D3JV36qmwL96EXR4q4xNfV",
                  "file-VFqMNpNzANsiMbyjWwxD6o",
                  "file-VjRrtxs7W9d3oFt5xA3R8f"
                ]
              },
              "file_search": null
            },
            "tools": [
              "code_interpreter"
            ]
          },
          "sensitive_attributes": [],
          "dependencies": [
            "openai_file.code_file",
            "openai_file.data_file",
            "openai_file.secondary_data_file"
          ]
        }
      ]
    },
    {
      "mode": "managed",
      "type": "openai_file",
      "name": "code_file",
      "provider": "provider[\"registry.terraform.io/happypathway/openai\"]",
      "instances": [
        {
          "schema_version": 0,
          "attributes": {
            "bytes": 952,
            "content": null,
            "created_at": 1741491140,
            "file_path": "./analysis.py",
            "filename": "analysis.py",
            "id": "file-D3JV36qmwL96EXR4q4xNfV",
            "object_id": "file-D3JV36qmwL96EXR4q4xNfV",
            "purpose": "assistants",
            "status": "processed",
            "status_details": null
          },
          "sensitive_attributes": [
            [
              {
                "type": "get_attr",
                "value": "content"
              }
            ]
          ]
        }
      ]
    },
    {
      "mode": "managed",
      "type": "openai_file",
      "name": "data_file",
      "provider": "provider[\"registry.terraform.io/happypathway/openai\"]",
      "instances": [
        {
          "schema_version": 0,
          "attributes": {
            "bytes": 570,
            "content": null,
            "created_at": 1741491140,
            "file_path": "./data.json",
            "filename": "data.json",
            "id": "file-VFqMNpNzANsiMbyjWwxD6o",
            "object_id": "file-VFqMNpNzANsiMbyjWwxD6o",
            "purpose": "assistants",
            "status": "processed",
            "status_details": null
          },
          "sensitive_attributes": [
            [
              {
                "type": "get_attr",
                "value": "content"
              }
            ]
          ]
        }
      ]
    },
    {
      "mode": "managed",
      "type": "openai_file",
      "name": "secondary_data_file",
      "provider": "provider[\"registry.terraform.io/happypathway/openai\"]",
      "instances": [
        {
          "schema_version": 0,
          "attributes": {
            "bytes": 570,
            "content": null,
            "created_at": 1741491140,
            "file_path": "./secondary_data.json",
            "filename": "secondary_data.json",
            "id": "file-VjRrtxs7W9d3oFt5xA3R8f",
            "object_id": "file-VjRrtxs7W9d3oFt5xA3R8f",
            "purpose": "assistants",
            "status": "processed",
            "status_details": null
          },
          "sensitive_attributes": [
            [
              {
                "type": "get_attr",
                "value": "content"
              }
            ]
          ]
        }
      ]
    },
    {
      "mode": "managed",
      "type": "openai_message",
      "name": "initial_message",
      "provider": "provider[\"registry.terraform.io/happypathway/openai\"]",
      "instances": [
        {
          "schema_version": 0,
          "attributes": {
            "assistant_id": null,
            "content": "Please analyze the data in data.json using the provided analysis.py script.",
            "created_at": 1741491142,
            "file_ids": null,
            "id": "msg_k2hERtX6QuzKkWfheZ9nZk1I",
            "metadata": null,
            "object": "thread.message",
            "role": "user",
            "run_id": null,
            "thread_id": "thread_OAcTkaj4UypzUJcdntKxotTc"
          },
          "sensitive_attributes": [],
          "dependencies": [
            "openai_file.code_file",
            "openai_thread.analysis_session",
            "openai_vector_store.analysis_store"
          ]
        }
      ]
    },
    {
      "mode": "managed",
      "type": "openai_thread",
      "name": "analysis_session",
      "provider": "provider[\"registry.terraform.io/happypathway/openai\"]",
      "instances": [
        {
          "schema_version": 0,
          "attributes": {
            "created_at": 1741491140,
            "id": "thread_OAcTkaj4UypzUJcdntKxotTc",
            "messages": [],
            "metadata": {
              "project": "example",
              "session_type": "data_analysis"
            },
            "object": "thread",
            "tool_resources": {
              "code_interpreter": {
                "file_ids": [
                  "file-D3JV36qmwL96EXR4q4xNfV"
                ]
              },
              "file_search": {
                "vector_store_ids": [
                  "vs_67cd0bc455108191bc1826fa774eed90"
                ]
              }
            },
            "tools": null
          },
          "sensitive_attributes": [],
          "dependencies": [
            "openai_file.code_file",
            "openai_vector_store.analysis_store"
          ]
        }
      ]
    },
    {
      "mode": "managed",
      "type": "openai_thread",
      "name": "analysis_session_code_interpreter",
      "provider": "provider[\"registry.terraform.io/happypathway/openai\"]",
      "instances": [
        {
          "schema_version": 0,
          "attributes": {
            "created_at": 1741491140,
            "id": "thread_EweSLHhZSnChuLIOcqBu1hdr",
            "messages": [],
            "metadata": {
              "project": "example",
              "session_type": "data_analysis"
            },
            "object": "thread",
            "tool_resources": {
              "code_interpreter": {
                "file_ids": [
                  "file-D3JV36qmwL96EXR4q4xNfV"
                ]
              },
              "file_search": null
            },
            "tools": null
          },
          "sensitive_attributes": [],
          "dependencies": [
            "openai_file.code_file"
          ]
        }
      ]
    },
    {
      "mode": "managed",
      "type": "openai_thread",
      "name": "analysis_session_file_search",
      "provider": "provider[\"registry.terraform.io/happypathway/openai\"]",
      "instances": [
        {
          "schema_version": 0,
          "attributes": {
            "created_at": 1741491140,
            "id": "thread_3KpnvHyZCttLJLZvfRhMV6ZC",
            "messages": [],
            "metadata": {
              "project": "example",
              "session_type": "data_analysis"
            },
            "object": "thread",
            "tool_resources": {
              "code_interpreter": null,
              "file_search": {
                "vector_store_ids": [
                  "vs_67cd0bc455108191bc1826fa774eed90"
                ]
              }
            },
            "tools": null
          },
          "sensitive_attributes": [],
          "dependencies": [
            "openai_vector_store.analysis_store"
          ]
        }
      ]
    },
    {
      "mode": "managed",
      "type": "openai_thread",
      "name": "analysis_session_no_tools",
      "provider": "provider[\"registry.terraform.io/happypathway/openai\"]",
      "instances": [
        {
          "schema_version": 0,
          "attributes": {
            "created_at": 1741491140,
            "id": "thread_F8RA86K8MGGu64SjD305tbzW",
            "messages": [],
            "metadata": {
              "project": "example",
              "session_type": "data_analysis"
            },
            "object": "thread",
            "tool_resources": null,
            "tools": null
          },
          "sensitive_attributes": []
        }
      ]
    },
    {
      "mode": "managed",
      "type": "openai_vector_store",
      "name": "analysis_store",
      "provider": "provider[\"registry.terraform.io/happypathway/openai\"]",
      "instances": [
        {
          "schema_version": 0,
          "attributes": {
            "created_at": 1741491140,
            "expires_after": {
              "anchor": "last_active_at",
              "days": 90
            },
            "expires_at": 1749267140,
            "id": "vs_67cd0bc455108191bc1826fa774eed90",
            "metadata": {
              "environment": "development",
              "project": "example",
              "purpose": "data-analysis"
            },
            "name": "data-analysis-store",
            "status": "completed",
            "usage_bytes": 0
          },
          "sensitive_attributes": []
        }
      ]
    },
    {
      "mode": "managed",
      "type": "openai_vector_store_file",
      "name": "data_vectors",
      "provider": "provider[\"registry.terraform.io/happypathway/openai\"]",
      "instances": [
        {
          "schema_version": 0,
          "attributes": {
            "created_at": 1741491141,
            "file_id": "file-VFqMNpNzANsiMbyjWwxD6o",
            "id": "file-VFqMNpNzANsiMbyjWwxD6o",
            "status": "in_progress",
            "usage_bytes": 0,
            "vector_store_id": "vs_67cd0bc455108191bc1826fa774eed90"
          },
          "sensitive_attributes": [],
          "dependencies": [
            "openai_file.data_file",
            "openai_vector_store.analysis_store"
          ]
        }
      ]
    },
    {
      "mode": "managed",
      "type": "openai_vector_store_file",
      "name": "secondary_data_vectors",
      "provider": "provider[\"registry.terraform.io/happypathway/openai\"]",
      "instances": [
        {
          "schema_version": 0,
          "attributes": {
            "created_at": 1741491141,
            "file_id": "file-VjRrtxs7W9d3oFt5xA3R8f",
            "id": "file-VjRrtxs7W9d3oFt5xA3R8f",
            "status": "in_progress",
            "usage_bytes": 0,
            "vector_store_id": "vs_67cd0bc455108191bc1826fa774eed90"
          },
          "sensitive_attributes": [],
          "dependencies": [
            "openai_file.secondary_data_file",
            "openai_vector_store.analysis_store"
          ]
        }
      ]
    }
  ],
  "check_results": null
}
