{
  "version": 4,
  "terraform_version": "1.10.5",
  "serial": 15,
  "lineage": "364f42b4-bf78-becf-6bb3-f2856932e98b",
  "outputs": {
    "embedding_vector_sample": {
      "value": [
        0.022388294339179993,
        -0.030438747256994247,
        -0.01598423160612583,
        -0.031164713203907013,
        -0.03658353537321091
      ],
      "type": [
        "list",
        "number"
      ]
    },
    "refund_policy_summary": {
      "value": "Customers can request a full refund within 30 days of purchase, while subscription products are eligible for prorated refunds for the unused portion of the billing period. Digital products can only be refunded if they have technical defects, and hardware products must be returned in their original packaging to qualify for a refund.",
      "type": "string"
    }
  },
  "resources": [
    {
      "mode": "data",
      "type": "openai_model",
      "name": "gpt3_5_turbo",
      "provider": "provider[\"registry.terraform.io/happypathway/openai\"]",
      "instances": [
        {
          "schema_version": 0,
          "attributes": {
            "created": 1677610602,
            "filter_owner": null,
            "id": "gpt-3.5-turbo",
            "model_id": "gpt-3.5-turbo",
            "object": "model",
            "owned_by": "openai"
          },
          "sensitive_attributes": []
        }
      ]
    },
    {
      "mode": "managed",
      "type": "openai_assistant",
      "name": "support_assistant",
      "provider": "provider[\"registry.terraform.io/happypathway/openai\"]",
      "instances": [
        {
          "schema_version": 0,
          "attributes": {
            "created_at": 1741281197,
            "description": "An assistant that helps with customer inquiries using our knowledge base",
            "file_ids": null,
            "file_path": null,
            "id": "asst_Cy89qgoQYMBcAhZzBo3Bi8hH",
            "instructions": "You are a helpful customer support assistant. \nUse the company information provided to answer questions accurately.\nIf you don't know the answer, just say so - don't make up information.\nAlways be polite and professional in your responses.\n",
            "metadata": {
              "team": "customer-support",
              "version": "1.0"
            },
            "model": "gpt-3.5-turbo",
            "name": "Customer Support Assistant",
            "object_id": "asst_Cy89qgoQYMBcAhZzBo3Bi8hH",
            "tools": [
              {
                "function_definition": null,
                "type": "code_interpreter"
              },
              {
                "function_definition": null,
                "type": "file_search"
              }
            ]
          },
          "sensitive_attributes": [],
          "dependencies": [
            "data.openai_model.gpt3_5_turbo"
          ]
        }
      ]
    },
    {
      "mode": "managed",
      "type": "openai_chat_completion",
      "name": "policy_summary",
      "provider": "provider[\"registry.terraform.io/happypathway/openai\"]",
      "instances": [
        {
          "schema_version": 0,
          "attributes": {
            "id": "chat-gpt-4-1741250024",
            "max_tokens": 150,
            "messages": [
              {
                "content": "You are a helpful assistant that summarizes information clearly and concisely.",
                "role": "system"
              },
              {
                "content": "Based on the following refund policy, provide a brief 2-3 sentence summary:\n        \nOur refund policy allows customers to request a full refund within 30 days of purchase. \nFor subscription products, we offer prorated refunds for the unused portion of the billing period.\nDigital products that have been downloaded may not be eligible for refunds unless they contain \ntechnical defects. Hardware products must be returned in original packaging to qualify for a refund.\n",
                "role": "user"
              }
            ],
            "model": "gpt-3.5-turbo",
            "n": null,
            "response_content": [
              "Customers can request a full refund within 30 days of purchase, while subscription products are eligible for prorated refunds for the unused portion of the billing period. Digital products can only be refunded if they have technical defects, and hardware products must be returned in their original packaging to qualify for a refund."
            ],
            "response_role": "assistant",
            "temperature": 0.3,
            "top_p": null
          },
          "sensitive_attributes": [],
          "dependencies": [
            "data.openai_model.gpt3_5_turbo"
          ]
        }
      ]
    },
    {
      "mode": "managed",
      "type": "openai_embedding",
      "name": "search_query",
      "provider": "provider[\"registry.terraform.io/happypathway/openai\"]",
      "instances": [
        {
          "schema_version": 0,
          "attributes": {
            "embedding": [
              0.022388294339179993,
              -0.030438747256994247,
              -0.01598423160612583,
              -0.031164713203907013,
              -0.03658353537321091,
              0.023619845509529114,
              -0.010351506993174553,
              -0.010195943526923656,
              0.001213725539855659,
              -0.004190513398498297,
              0.0430653840303421,
              0.010578371584415436,
              0.016295360401272774,
              -0.011855295859277248,
              0.01128489337861538,
              -0.02266053296625614,
              0.02535698004066944,
              -0.0087504917755723,
              0.019471464678645134,
              -0.0012428938644006848,
              -0.037024300545454025,
              0.0059373704716563225,
              -0.003435378195717931,
              0.008594927377998829,
              -0.0014462617691606283,
              0.009029210545122623,
              0.011187665164470673,
              0.0015467304037883878,
              0.021416017785668373,
              0.0015378178795799613,
              0.008108789101243019,
              -0.0010938114719465375,
              -0.022906841710209846,
              -0.011369157582521439,
              -0.01760469190776348,
              0.010085752233862877,
              -0.004770638421177864,
              0.012159942649304867,
              0.01512862741947174,
              -0.00010421592742204666,
              0.015439756214618683,
              0.025784781202673912,
              0.00813471619039774,
              -0.01254885271191597,
              0.0024841672275215387,
              0.031372133642435074,
              -0.011012655682861805,
              -0.012101605534553528,
              -0.022530894726514816,
              0.0052664997056126595,
              0.013132219202816486,
              -0.0028520121704787016,
              -0.015063809230923653,
              -0.011414529755711555,
              -0.003992816898971796,
              0.007629132363945246,
              0.00555818248540163,
              0.009184774942696095,
              0.0016520604258403182,
              -0.026523713022470474,
              0.00670222844928503,
              0.00044481665827333927,
              -0.008465290069580078,
              -0.012561816722154617,
              -0.01572495698928833,
              0.015530502423644066,
              0.00015313360199797899,
              0.0010970523580908775,
              -0.049728721380233765,
              -0.02207716554403305,
              0.006948538590222597,
              0.018719570711255074,
              0.0029346556402742863,
              -0.015011954121291637,
              0.0016869002720341086,
              -0.022854987531900406,
              -0.0013239169493317604,
              0.006478604860603809,
              0.02750895358622074,
              -0.010766346007585526,
              0.0022281345445662737,
              0.009930187836289406,
              -0.0008284609066322446,
              0.018991807475686073,
              0.0031193881295621395,
              0.022854987531900406,
              0.03181289881467819,
              0.02627740241587162,
              -0.01155064906924963,
              0.010597817599773407,
              0.002762886695563793,
              0.01792878471314907,
              0.029920199885964394,
              0.005567905493080616,
              0.014441551640629768,
              0.025538472458720207,
              -0.014869353733956814,
              0.03305741399526596,
              -0.004786842968314886,
              0.008549554273486137,
              -0.012859981507062912,
              0.02228458598256111,
              -0.02100118063390255,
              -0.0038502162788063288,
              -0.013041472993791103,
              0.010545962490141392,
              0.018175095319747925,
              -0.017695438116788864,
              0.011395084671676159,
              -0.010656153783202171,
              -0.014285988174378872,
              0.025927381590008736,
              0.00036318591446615756,
              -0.025992201641201973,
              -0.0055225323885679245,
              -0.00179385079536587,
              0.007389304228127003,
              -0.01547864731401205,
              -0.03559829667210579,
              -0.019160335883498192,
              0.012224760837852955,
              -0.014869353733956814,
              0.02120859920978546,
              -0.018123241141438484,
              0.028571976348757744,
              0.009204220958054066,
              -0.009832959622144699,
              -0.018499188125133514,
              0.022984623908996582,
              0.012406252324581146,
              0.024216175079345703,
              0.011356193572282791,
              -0.011745104566216469,
              0.012289579026401043,
              -0.00023314388818107545,
              0.0323314443230629,
              -0.034587129950523376,
              0.020275212824344635,
              -0.009327376261353493,
              -0.017138000577688217,
              0.010857091285288334,
              0.025136597454547882,
              0.0138711491599679,
              0.0003909363003913313,
              -0.012561816722154617,
              0.018564006313681602,
              0.014765644446015358,
              -0.02094932459294796,
              0.02024928480386734,
              -0.013780403882265091,
              0.00031254650093615055,
              -0.021454909816384315,
              -0.0021260452922433615,
              -0.012134014628827572,
              0.011758067645132542,
              0.01107099186629057,
              -0.01772136613726616,
              0.004482196178287268,
              -0.004757674876600504,
              -0.026316292583942413,
              0.031475841999053955,
              0.018589932471513748,
              0.01922515407204628,
              -0.005648928228765726,
              -0.011544167064130306,
              0.03479454666376114,
              0.027223750948905945,
              -0.019665919244289398,
              -0.0169694721698761,
              0.012639598920941353,
              -0.004002539440989494,
              0.012684972025454044,
              0.013047954998910427,
              0.0032571274787187576,
              -0.01782507635653019,
              0.02342539094388485,
              -0.005619760137051344,
              -0.013158146291971207,
              0.0010403362102806568,
              -0.0006485896883532405,
              -0.006883719936013222,
              0.006741119548678398,
              -0.013093328103423119,
              0.035027895122766495,
              -0.011790476739406586,
              -0.0013701000716537237,
              0.011207111179828644,
              -0.02202531136572361,
              0.009450530633330345,
              -0.01695650815963745,
              -0.017747294157743454,
              0.006400822661817074,
              -0.0006919369916431606,
              -0.00008998624980449677,
              -0.6600074768066406,
              -0.016826871782541275,
              0.012879427522420883,
              -0.004530810285359621,
              0.009068101644515991,
              0.025914419442415237,
              -0.013132219202816486,
              0.005969780031591654,
              -0.03334261476993561,
              0.01890106126666069,
              0.0009390573832206428,
              0.0009682257077656686,
              0.0004089639405719936,
              -0.016113867983222008,
              0.00413541728630662,
              -0.032072171568870544,
              -0.00026190708740614355,
              -0.0047447108663618565,
              -0.02514956146478653,
              0.006864274386316538,
              -0.006851310841739178,
              0.00487434770911932,
              -0.014363769441843033,
              0.012244205921888351,
              0.012918318621814251,
              0.021623436361551285,
              0.0026154248043894768,
              -0.027586735785007477,
              -0.005016948562115431,
              0.0009212323348037899,
              -0.009256075136363506,
              -0.006967984139919281,
              0.03251293674111366,
              0.01620461419224739,
              0.035520512610673904,
              -0.008718082681298256,
              -0.01765654794871807,
              0.006967984139919281,
              -0.006378136109560728,
              0.04319502040743828,
              -0.030490601435303688,
              -0.009632023051381111,
              0.025603290647268295,
              -0.011693249456584454,
              0.011297856457531452,
              -0.009301448240876198,
              0.00950238574296236,
              0.010325579904019833,
              0.00018250446009915322,
              0.009424603544175625,
              0.00901624746620655,
              0.020391887053847313,
              -0.028208991512656212,
              0.020067794248461723,
              0.032824065536260605,
              0.016036085784435272,
              0.02810528315603733,
              0.0059049613773822784,
              0.02326982654631138,
              0.008011560887098312,
              -0.007058729883283377,
              -0.010033897124230862,
              -0.017488019540905952,
              -0.014052641578018665,
              0.006452677305787802,
              -0.018486224114894867,
              -0.0035488104913383722,
              0.023879120126366615,
              0.012399770319461823,
              -0.00401226244866848,
              0.023230934515595436,
              0.009599613025784492,
              -0.004488678183406591,
              -0.005166030954569578,
              0.02142898179590702,
              0.01734541915357113,
              -0.01787693053483963,
              0.011868258938193321,
              -0.004368763882666826,
              -0.005360486451536417,
              -0.0049164798110723495,
              -0.02552550844848156,
              -0.00022909273684490472,
              -0.0014608459314331412,
              0.016813907772302628,
              0.005405859090387821,
              -0.013897077180445194,
              -0.0172417089343071,
              -0.0009155606967397034,
              0.05786991864442825,
              -0.018330659717321396,
              0.008543072268366814,
              0.004456269089132547,
              0.0062679448164999485,
              -0.025849599391222,
              0.009709804318845272,
              -0.019717775285243988,
              0.007168921176344156,
              0.01545272022485733,
              -0.02105303481221199,
              -0.0002856063365470618,
              -0.014921208843588829,
              -0.01012464240193367,
              -0.010727454908192158,
              0.03430192545056343,
              -0.00643647275865078,
              -0.019990012049674988,
              -0.023192044347524643,
              0.04788787662982941,
              -0.009930187836289406,
              0.005856347735971212,
              0.004242368042469025,
              0.005435027647763491,
              -0.002539263106882572,
              -0.013560021296143532,
              -0.029427578672766685,
              0.01163491327315569,
              0.006183680612593889,
              0.014285988174378872,
              0.015284191817045212,
              -0.007019838783890009,
              0.005704024340957403,
              0.002229754813015461,
              0.00011130544589832425,
              0.018706606701016426,
              0.022258657962083817,
              0.013495202176272869,
              0.01577681303024292,
              -0.00007180669490480796,
              -0.0011083956342190504,
              0.0032960185781121254,
              0.003571497043594718,
              0.01927700825035572,
              0.0008515524677932262,
              0.0150767732411623,
              0.010189461521804333,
              0.021662328392267227,
              -0.014052641578018665,
              0.010299652814865112,
              -0.012082160450518131,
              -0.01685279794037342,
              0.0023334643337875605,
              0.01668427139520645,
              -0.018914025276899338,
              0.029220160096883774,
              0.010221870616078377,
              0.009145883843302727,
              0.007467085961252451,
              -0.01728060096502304,
              0.030283182859420776,
              -0.013047954998910427,
              -0.007745805662125349,
              -0.005927647929638624,
              0.024786578491330147,
              -0.005694301333278418,
              0.0058855158276855946,
              0.003432137193158269,
              -0.04270239919424057,
              -0.0288053210824728,
              -0.008419917896389961,
              0.021065998822450638,
              0.01422116905450821,
              -0.028831249102950096,
              0.007220775820314884,
              -0.024242103099822998,
              -0.01179695874452591,
              -0.0005323215737007558,
              0.0015791396144777536,
              -0.020586341619491577,
              -0.02122156322002411,
              0.0009512108517810702,
              -0.0067151919938623905,
              -0.005541977938264608,
              -0.0012453246163204312,
              -0.026510749012231827,
              0.008335653692483902,
              0.009593131951987743,
              -0.0013263477012515068,
              -0.037179864943027496,
              -0.0022767481859773397,
              -0.002017474500462413,
              0.02632925659418106,
              0.003422414418309927,
              0.015206409618258476,
              0.0009285243577323854,
              0.016386106610298157,
              -0.007428194861859083,
              0.05714395269751549,
              -0.025344016030430794,
              0.025175487622618675,
              -0.010500590316951275,
              0.012108087539672852,
              0.0024825469590723515,
              0.02137712761759758,
              -0.009632023051381111,
              0.0006757323862984776,
              0.003386764321476221,
              0.01192659605294466,
              0.022647568956017494,
              0.011641394346952438,
              0.012879427522420883,
              -0.010118161328136921,
              0.03450934588909149,
              0.023982828482985497,
              -0.0004626417357940227,
              0.011654358357191086,
              0.0036006651353091,
              -0.029634997248649597,
              0.03440563753247261,
              0.04158752039074898,
              0.007078175432980061,
              -0.010610781610012054,
              -0.0010403362102806568,
              -0.01702132634818554,
              0.010591335594654083,
              -0.004391450434923172,
              0.006420268211513758,
              0.015089736320078373,
              -0.0177732203155756,
              0.009022729471325874,
              -0.005003985017538071,
              -0.0030772562604397535,
              0.02875346690416336,
              -0.01109043788164854,
              -0.022479040548205376,
              0.00566837377846241,
              0.0021211840212345123,
              0.012665526010096073,
              0.016606489196419716,
              -0.0066503738053143024,
              -0.016995398327708244,
              0.011453420855104923,
              -0.0012031926307827234,
              0.005716987885534763,
              0.03541680425405502,
              -0.003983094356954098,
              0.014454515650868416,
              -0.004942407365888357,
              0.024216175079345703,
              -0.008549554273486137,
              0.0026688999496400356,
              0.008627336472272873,
              0.005146585404872894,
              -0.019147371873259544,
              0.0009414880769327283,
              0.0034937148448079824,
              0.028675684705376625,
              0.015737920999526978,
              -0.01230254303663969,
              0.018395477905869484,
              -0.02675705961883068,
              0.000009425261850992683,
              -0.00853659026324749,
              -0.021065998822450638,
              0.002414487535133958,
              -0.01905662566423416,
              -0.014584152959287167,
              0.007434676866978407,
              0.020223358646035194,
              0.005198440048843622,
              0.019406646490097046,
              0.00021430602646432817,
              0.03329075872898102,
              -0.02186974696815014,
              0.007596723269671202,
              0.019639993086457253,
              0.0013506546383723617,
              0.011155256070196629,
              0.005898479372262955,
              -0.00473822932690382,
              -0.00236911466345191,
              -0.015011954121291637,
              -0.0018894580425694585,
              -0.01659352518618107,
              0.02304944209754467,
              -0.026134802028536797,
              0.0247736144810915,
              -0.007778214756399393,
              -0.007363376673310995,
              0.017319491133093834,
              -0.012030305340886116,
              -0.025992201641201973,
              0.025395870208740234,
              0.01060429960489273,
              -0.0009058379218913615,
              -0.03085358440876007,
              0.009541276842355728,
              0.001277733827009797,
              0.004715542774647474,
              0.0387614369392395,
              -0.016062013804912567,
              -0.00639434065669775,
              0.00802452489733696,
              -0.0022978142369538546,
              -0.021260453388094902,
              -0.004647483117878437,
              0.021286381408572197,
              -0.009560721926391125,
              -0.0011448559816926718,
              0.015711992979049683,
              0.0009414880769327283,
              -0.0020984974689781666,
              -0.04539884626865387,
              0.00280015729367733,
              0.024540267884731293,
              0.02359391748905182,
              -0.007006875239312649,
              -0.04443953186273575,
              -0.0008276506559923291,
              -0.016243504360318184,
              0.0036978928837925196,
              -0.00515630841255188,
              -0.01142101176083088,
              -0.00805045198649168,
              0.0032376819290220737,
              0.013495202176272869,
              -0.031009148806333542,
              -0.008899574168026447,
              -0.008348616771399975,
              0.017047254368662834,
              -0.01397485937923193,
              -0.005188717506825924,
              -0.025434762239456177,
              -0.015711992979049683,
              0.07721174508333206,
              0.032979629933834076,
              0.003219856880605221,
              0.015699030831456184,
              -0.029090523719787598,
              0.0005521722487173975,
              -0.00826435349881649,
              -0.03440563753247261,
              0.011978451162576675,
              -0.013689657673239708,
              -0.02433284930884838,
              0.024112464860081673,
              -0.008251389488577843,
              0.006870756391435862,
              0.019899265840649605,
              -0.004641001578420401,
              0.009230148047208786,
              -0.021714182570576668,
              0.002623527077957988,
              -0.034224145114421844,
              0.0015653657028451562,
              0.0026753817219287157,
              -0.017565801739692688,
              0.04928795248270035,
              -0.001596154528670013,
              0.035883497446775436,
              0.02552550844848156,
              -0.02326982654631138,
              -0.0021309067960828543,
              -0.007855996489524841,
              -0.006877238396555185,
              -0.008095825091004372,
              -0.0005027481238357723,
              0.02358095347881317,
              0.013326674699783325,
              0.042028285562992096,
              0.012082160450518131,
              0.0008572241058573127,
              0.00958664994686842,
              0.028623830527067184,
              -0.019795555621385574,
              0.01598423160612583,
              0.006400822661817074,
              0.0037724340800195932,
              0.012341434136033058,
              -0.011479348875582218,
              -0.007480049971491098,
              -0.0006842398433946073,
              0.0005959246773272753,
              -0.00486138416454196,
              -0.019510354846715927,
              -0.015400865115225315,
              -0.029012741521000862,
              -0.011608985252678394,
              0.012134014628827572,
              0.00853010918945074,
              -0.03256479278206825,
              -0.012056232430040836,
              -0.013203519396483898,
              -0.009158847853541374,
              -0.02875346690416336,
              0.00036784473923034966,
              0.018278805539011955,
              -0.0024987515062093735,
              0.001803573570214212,
              -0.015906449407339096,
              -0.012613671831786633,
              0.003177724778652191,
              -0.0127886813133955,
              -0.014363769441843033,
              0.008769936859607697,
              0.005665133241564035,
              -0.03435378149151802,
              0.008102307096123695,
              0.01766951195895672,
              0.0029216918628662825,
              0.00947645865380764,
              0.012672008015215397,
              0.016191650182008743,
              0.01927700825035572,
              0.0025619494263082743,
              -0.017293564975261688,
              0.013482239097356796,
              0.008815309964120388,
              0.009320894256234169,
              0.02590145543217659,
              -0.013611875474452972,
              0.017695438116788864,
              -0.01878438889980316,
              0.028831249102950096,
              -0.0054739187471568584,
              0.012665526010096073,
              0.0052664997056126595,
              -0.02094932459294796,
              0.023088334128260612,
              0.020715977996587753,
              0.006468881852924824,
              0.04464695230126381,
              -0.0059535750187933445,
              0.005204922053962946,
              -0.009009765461087227,
              -0.013935968279838562,
              -0.007758769206702709,
              0.003213374875485897,
              -0.027120042592287064,
              0.017695438116788864,
              0.009463494643568993,
              -0.011861777864396572,
              0.0005959246773272753,
              -0.021558618173003197,
              0.01744912751019001,
              -0.0040381900034844875,
              0.004702578764408827,
              -0.008452326990664005,
              0.02745709754526615,
              -0.009534794837236404,
              0.009949632920324802,
              0.006118862424045801,
              0.011006173677742481,
              -0.003927998244762421,
              0.007992115803062916,
              -0.06404063105583191,
              0.014869353733956814,
              0.030516529455780983,
              -0.03899478167295456,
              -0.0035066783893853426,
              -0.01545272022485733,
              -0.03435378149151802,
              -0.004472473636269569,
              -0.02632925659418106,
              -0.007434676866978407,
              0.025292161852121353,
              -0.019562210887670517,
              -0.016930580139160156,
              -0.024890286847949028,
              -0.026886695995926857,
              -0.030023908242583275,
              0.028831249102950096,
              -0.007350413128733635,
              -0.0028147415723651648,
              -0.014661935158073902,
              -0.006397581659257412,
              -0.009936668910086155,
              -0.010967282578349113,
              0.0022767481859773397,
              -0.02709411457180977,
              -0.007920815609395504,
              -0.015750885009765625,
              -0.007687469013035297,
              0.02024928480386734,
              -0.03471676632761955,
              0.002168177394196391,
              -0.018654752522706985,
              -0.0029054873157292604,
              -0.009832959622144699,
              -0.014363769441843033,
              0.002367494162172079,
              -0.02680891379714012,
              0.03655761107802391,
              0.004534050822257996,
              0.027042260393500328,
              0.012056232430040836,
              0.014389697462320328,
              0.011693249456584454,
              0.016554633155465126,
              -0.025382908061146736,
              0.015504574403166771,
              0.0027369593735784292,
              0.001613979577086866,
              -0.008180089294910431,
              0.013521130196750164,
              -0.020314104855060577,
              0.03334261476993561,
              -0.012017341330647469,
              -0.011414529755711555,
              0.009832959622144699,
              -0.005529014393687248,
              0.008419917896389961,
              -0.016515742987394333,
              -0.009845923632383347,
              0.013242410495877266,
              -0.005143344402313232,
              -0.005350763443857431,
              0.01163491327315569,
              -0.020223358646035194,
              -0.012205315753817558,
              -0.00600543012842536,
              -0.0032490252051502466,
              0.01910848170518875,
              -0.0009439187706448138,
              0.010182979516685009,
              -0.013728548772633076,
              0.04599517583847046,
              -0.005188717506825924,
              0.02380133792757988,
              -0.010565408505499363,
              -0.026912622153759003,
              -0.013417419977486134,
              0.0035650150384753942,
              0.006429990753531456,
              0.004381727427244186,
              0.002404764760285616,
              -0.006864274386316538,
              0.027483025565743446,
              0.0006518305744975805,
              -0.0008426399435847998,
              -0.02330871671438217,
              -0.026095909997820854,
              -0.004984539467841387,
              0.017008362337946892,
              -0.015439756214618683,
              -0.04109490290284157,
              0.010792273096740246,
              0.012056232430040836,
              0.006553146056830883,
              0.009534794837236404,
              -0.007784696761518717,
              0.01267849002033472,
              -0.011732140555977821,
              -0.03064616583287716,
              -0.01944553665816784,
              -0.031423985958099365,
              0.010818200185894966,
              0.031164713203907013,
              0.01814916729927063,
              0.016360178589820862,
              -0.006290631368756294,
              0.012088642455637455,
              -0.020002976059913635,
              -0.01042280811816454,
              -0.007810623850673437,
              0.0040381900034844875,
              0.029842417687177658,
              0.003185827052220702,
              -0.03598720580339432,
              -0.007616168819367886,
              -0.006562868598848581,
              -0.00008877090294845402,
              -0.0030480879358947277,
              0.009469976648688316,
              0.013339638710021973,
              0.01691761612892151,
              0.008167125284671783,
              0.001596154528670013,
              0.012334952130913734,
              0.039772603660821915,
              0.001300420262850821,
              0.015906449407339096,
              -0.004913238808512688,
              0.004929443821310997,
              -0.020340031012892723,
              0.03054245561361313,
              -0.00043509388342499733,
              0.01739727333188057,
              0.019315900281071663,
              -0.0010630226461216807,
              -0.0004756054258905351,
              0.007272630929946899,
              -0.015024918131530285,
              0.01842140592634678,
              0.008303244598209858,
              0.023606881499290466,
              -0.00006253967876546085,
              -0.00728559447452426,
              -0.0056975423358380795,
              -0.0018894580425694585,
              -0.03064616583287716,
              -0.025655144825577736,
              0.00632628146559,
              0.020819688215851784,
              0.005564664490520954,
              -0.008005078881978989,
              -0.008361580781638622,
              -0.003467787289991975,
              -0.01039039809256792,
              0.0004889742122031748,
              -0.0034451009705662727,
              0.004404413979500532,
              0.0006684403051622212,
              0.0005108504556119442,
              0.03386116027832031,
              0.005973020568490028,
              -0.01567310281097889,
              0.004365522880107164,
              0.004161344841122627,
              -0.0019089034758508205,
              -0.01658056117594242,
              0.018188059329986572,
              0.02299758791923523,
              0.005081766750663519,
              -0.017747294157743454,
              -0.016658343374729156,
              -0.005733192432671785,
              0.012211796827614307,
              0.0033478732220828533,
              0.029634997248649597,
              0.030335037037730217,
              0.021441945806145668,
              -0.012367361225187778,
              -0.0024906492326408625,
              0.010837646201252937,
              0.020819688215851784,
              -0.03544273227453232,
              0.019251082092523575,
              0.007117066532373428,
              -0.03603906184434891,
              0.024851396679878235,
              -0.0017436164198443294,
              -0.017215782776474953,
              -0.009009765461087227,
              0.015426792204380035,
              -0.007467085961252451,
              -0.0026851044967770576,
              -0.012296061031520367,
              0.004009021446108818,
              0.020275212824344635,
              0.00014148654008749872,
              -0.006805937737226486,
              -0.00937274843454361,
              0.017189854755997658,
              0.0019477945752441883,
              0.009826477617025375,
              0.00521140405908227,
              -0.010921909473836422,
              0.009904259815812111,
              -0.0333944670855999,
              -0.0064623998478055,
              0.005509568843990564,
              -0.0018311213934794068,
              -0.005447991192340851,
              0.02675705961883068,
              0.005529014393687248,
              -0.004965093918144703,
              -0.029634997248649597,
              -0.01111636497080326,
              -0.008906056173145771,
              -0.010993210598826408,
              0.014623044058680534,
              -0.004057635553181171,
              0.0247736144810915,
              -0.007434676866978407,
              0.039072565734386444,
              0.010682081803679466,
              0.011155256070196629,
              -0.01760469190776348,
              0.018460296094417572,
              -0.04443953186273575,
              -0.020534487441182137,
              0.003590942360460758,
              -0.023892082273960114,
              -0.03204624354839325,
              0.030438747256994247,
              0.0005339420167729259,
              -0.014260060153901577,
              -0.029427578672766685,
              -0.0323314443230629,
              -0.039020709693431854,
              -0.006614723242819309,
              -0.005924406927078962,
              0.016982436180114746,
              0.0039020711556077003,
              0.004864625167101622,
              -0.019419608637690544,
              -0.00047682077274657786,
              -0.005882274825125933,
              0.018978843465447426,
              -0.007039284333586693,
              -0.019847411662340164,
              0.023762445896863937,
              0.0019575173500925303,
              -0.009132920764386654,
              -0.012808127328753471,
              -0.00985240563750267,
              -0.008964392356574535,
              0.020015940070152283,
              0.02429395727813244,
              0.029272014275193214,
              0.01654166914522648,
              -0.0144026605412364,
              -0.006614723242819309,
              0.003811325179412961,
              -0.0022799891885370016,
              0.004932684358209372,
              0.00014877860667183995,
              0.009865368716418743,
              -0.016334250569343567,
              0.015595320612192154,
              0.0012550473911687732,
              0.0023367053363472223,
              0.006566109601408243,
              -0.025927381590008736,
              0.0263811107724905,
              -0.011194147169589996,
              -0.0037529885303229094,
              -0.03666131943464279,
              -0.018330659717321396,
              -0.0035455694887787104,
              -0.009275521151721478,
              0.011323784478008747,
              -0.0012704416876658797,
              0.0028422893956303596,
              0.00753838662058115,
              -0.0022346163168549538,
              -0.026251474395394325,
              -0.005221126601099968,
              0.009106992743909359,
              0.015608284622430801,
              0.0047090607695281506,
              0.023127224296331406,
              -0.02422913908958435,
              -0.02546069025993347,
              -0.002211929764598608,
              -0.011971969157457352,
              0.007901369594037533,
              -0.00034374036476947367,
              -0.027379315346479416,
              0.007078175432980061,
              -0.009081065654754639,
              -0.00280663906596601,
              -0.009184774942696095,
              -0.03396487236022949,
              0.00010563382966211066,
              -0.0030578107107430696,
              0.0079402606934309,
              -0.008251389488577843,
              -0.0026575566735118628,
              0.027016332373023033,
              -0.013560021296143532,
              0.007791178300976753,
              -0.002383698709309101,
              -0.029712779447436333,
              -0.023827264085412025,
              0.013184074312448502,
              0.006818901747465134,
              0.009009765461087227,
              0.01610090397298336,
              0.22650161385536194,
              0.011446939781308174,
              -0.008867165073752403,
              0.0309572946280241,
              0.0201974306255579,
              0.010863573290407658,
              0.009489421732723713,
              0.007590241264551878,
              -0.015387901104986668,
              -0.009398676455020905,
              -0.014882317744195461,
              0.018460296094417572,
              -0.007505977060645819,
              0.004248849581927061,
              -0.02735338918864727,
              -0.00926255714148283,
              -0.046876706182956696,
              -0.010195943526923656,
              -0.025603290647268295,
              -0.0013174351770430803,
              0.00280015729367733,
              0.017863966524600983,
              -0.026471856981515884,
              -0.002448517130687833,
              0.05141399800777435,
              0.008919019252061844,
              -0.006225812714546919,
              -0.0019251081394031644,
              0.020703013986349106,
              0.019419608637690544,
              -0.011297856457531452,
              -0.0017419960349798203,
              0.008108789101243019,
              -0.0037335429806262255,
              -0.017293564975261688,
              0.0007915953756310046,
              -0.01734541915357113,
              0.009081065654754639,
              0.029686853289604187,
              0.01831769570708275,
              -0.0015953442780300975,
              0.028364555910229683,
              -0.031579550355672836,
              -0.0005525773158296943,
              -0.02503288723528385,
              -0.01214697863906622,
              -0.002190863713622093,
              -0.007868960499763489,
              0.012088642455637455,
              0.017526909708976746,
              -0.02810528315603733,
              -0.0060767303220927715,
              0.02864975854754448,
              0.027379315346479416,
              -0.016282396391034126,
              -0.01706021837890148,
              0.0035196421667933464,
              -0.017423201352357864,
              -0.022686459124088287,
              -0.007732841651886702,
              -0.015582356601953506,
              0.021960493177175522,
              0.016217578202486038,
              0.0323055200278759,
              -0.023347608745098114,
              0.003740024985745549,
              -0.02600516378879547,
              -0.005007225554436445,
              0.028131209313869476,
              -0.0031663815025240183,
              -0.00643647275865078,
              -0.005451232194900513,
              0.004666928667575121,
              0.019238118082284927,
              -0.016463886946439743,
              -0.011505275964736938,
              -0.0015410587657243013,
              0.00216655689291656,
              0.01717689074575901,
              0.027431171387434006,
              0.005914683919399977,
              0.018499188125133514,
              0.01340445689857006,
              -0.0079402606934309,
              -0.001975342398509383,
              -0.02299758791923523,
              0.015556429512798786,
              0.020664123818278313,
              -0.01654166914522648,
              0.008912538178265095,
              0.014856389723718166,
              -0.015154555439949036,
              -0.0393059104681015,
              -0.006582314148545265,
              0.0044854371808469296,
              -0.009619059041142464,
              0.021234525367617607,
              0.028234919533133507,
              -0.020158540457487106,
              0.025823673233389854,
              0.014298951253294945,
              0.06492216885089874,
              -0.005208163056522608,
              -0.019834447652101517,
              -0.017475055530667305,
              -0.001101103494875133,
              -0.0008159023127518594,
              0.019212190061807632,
              -0.009158847853541374,
              -0.007227257825434208,
              0.000009058126124728005,
              -0.03316112235188484,
              0.014065604656934738,
              -0.004543773829936981,
              0.0067476010881364346,
              0.007920815609395504,
              -0.006721673998981714,
              -0.001535387127660215,
              -0.010902464389801025,
              0.027068186551332474,
              0.008815309964120388,
              -0.03165733441710472,
              -0.010027415119111538,
              -0.021040070801973343,
              0.010157052427530289,
              -0.014739717356860638,
              0.018123241141438484,
              -0.01422116905450821,
              -0.0038923483807593584,
              -0.05615871027112007,
              0.014195241965353489,
              0.00996259693056345,
              0.0021276657935231924,
              -0.04373949393630028,
              -0.016943544149398804,
              0.020119648426771164,
              0.01734541915357113,
              -0.010144088417291641,
              -0.009632023051381111,
              0.02240125834941864,
              0.006656855344772339,
              0.013780403882265091,
              0.007966188713908195,
              -0.006063766777515411,
              -0.0037173384334892035,
              -0.010033897124230862,
              0.006786492187529802,
              -0.0026429726276546717,
              -0.013216483406722546,
              -0.018460296094417572,
              -0.018551042303442955,
              -0.027275606989860535,
              -0.024488411843776703,
              0.0023286030627787113,
              0.008744009770452976,
              0.020495595410466194,
              -0.029116449877619743,
              -0.0446988083422184,
              0.0011480968678370118,
              -0.026990404352545738,
              -0.02289387956261635,
              0.0009325755527243018,
              0.016489814966917038,
              -0.0031339724082499743,
              -0.044880300760269165,
              0.0029038668144494295,
              -0.16396476328372955,
              0.009431085549294949,
              0.011122846975922585,
              -0.012056232430040836,
              0.008368062786757946,
              0.027690444141626358,
              0.016062013804912567,
              -0.028312701731920242,
              -0.008867165073752403,
              0.014648971147835255,
              0.00816064327955246,
              -0.0016609729500487447,
              -0.0430913083255291,
              -0.00561327813193202,
              0.013637803494930267,
              -0.02815713733434677,
              -0.0016869002720341086,
              0.023710591718554497,
              0.005191958509385586,
              0.025706999003887177,
              0.04428396746516228,
              0.009191256947815418,
              0.013255374506115913,
              -0.007006875239312649,
              -0.008724563755095005,
              -0.011427493765950203,
              -0.03629833459854126,
              0.022116057574748993,
              -0.007292076479643583,
              -0.035779789090156555,
              -0.0004024821100756526,
              0.013910040259361267,
              0.014143386855721474,
              -0.003846975276246667,
              -0.006546664051711559,
              -0.01668427139520645,
              -0.014091532677412033,
              -0.001228309702128172,
              0.02627740241587162,
              0.03124249540269375,
              -0.012639598920941353,
              -0.0034580647479742765,
              0.002608942799270153,
              0.02120859920978546,
              -0.01879735291004181,
              0.023230934515595436,
              0.025214379653334618,
              0.022051239386200905,
              0.01238680724054575,
              -0.02057337760925293,
              -0.009508867748081684,
              -0.03323890268802643,
              -0.01232847012579441,
              -0.009333857335150242,
              0.021558618173003197,
              -0.009074583649635315,
              -0.007499495521187782,
              0.022323476150631905,
              -0.013923004269599915,
              -0.022764241322875023,
              0.0023626326583325863,
              0.0011351332068443298,
              0.008795864880084991,
              -0.031268421560525894,
              0.004446546081453562,
              0.01190066896378994,
              -0.012458107434213161,
              0.0016869002720341086,
              -0.03375745192170143,
              0.01437673345208168,
              0.02299758791923523,
              -0.008478254079818726,
              0.00934682134538889,
              0.0153490100055933,
              0.019886301830410957,
              -0.0029427579138427973,
              -0.03565015271306038,
              0.004193753935396671,
              0.0013425522483885288,
              0.008491218090057373,
              -0.012205315753817558,
              0.03183882683515549,
              0.000054589294450124726,
              0.028779394924640656,
              0.004897034261375666,
              0.023438353091478348,
              -0.005648928228765726,
              -0.012114569544792175,
              -0.006277667358517647,
              -0.018162131309509277,
              0.003180965781211853,
              0.004777120426297188,
              0.011395084671676159,
              -0.0035066783893853426,
              0.032875921577215195,
              0.004767397418618202,
              0.009690359234809875,
              0.00011566043394850567,
              0.015258264727890491,
              0.011583058163523674,
              0.015141591429710388,
              -0.014052641578018665,
              -0.023555027320981026,
              0.02094932459294796,
              0.055069759488105774,
              -0.0013765819603577256,
              -0.030879512429237366,
              0.021623436361551285,
              0.0032879163045436144,
              -0.004057635553181171,
              -0.02359391748905182,
              0.018758460879325867,
              0.027612661942839622,
              0.003360836999490857,
              0.0005744535592384636,
              0.006446195300668478,
              -0.020275212824344635,
              -0.03134620562195778,
              -0.014156350865960121,
              0.002057985868304968,
              0.039824459701776505,
              -0.02337353490293026,
              -0.002412867033854127,
              -0.022738315165042877,
              0.004141899291425943,
              0.006676300894469023,
              -0.08519738167524338,
              -0.02359391748905182,
              -0.017851002514362335,
              -0.006961502134799957,
              -0.006151271518319845,
              -0.024786578491330147,
              0.0022994347382336855,
              0.021078962832689285,
              0.002636490622535348,
              0.018330659717321396,
              -0.011732140555977821,
              -0.03388708829879761,
              -0.015167518518865108,
              0.009333857335150242,
              0.011252484284341335,
              -0.014558224938809872,
              0.0002497536188457161,
              -0.012023823335766792,
              0.01470082625746727,
              0.005995707120746374,
              -0.01878438889980316,
              -0.02067708782851696,
              -0.01932886429131031,
              0.00399929890409112,
              -0.019782593473792076,
              -0.026523713022470474,
              -0.013508166186511517,
              0.010908946394920349,
              0.036868736147880554,
              0.016334250569343567,
              0.008925501257181168,
              0.0028568734414875507,
              0.009949632920324802,
              -0.02574589103460312,
              -0.013229446485638618,
              -0.0025457448791712523,
              -0.022803133353590965,
              0.0031291109044104815,
              0.0263811107724905,
              -0.028468266129493713,
              0.0036654837895184755,
              -0.013119255192577839,
              0.013534093275666237,
              -0.035572368651628494,
              -0.0008880128734745085,
              -0.005149826407432556,
              -0.02794971875846386,
              0.02326982654631138,
              0.016671307384967804,
              -0.020184466615319252,
              -0.01869364269077778,
              -0.007454122416675091,
              -0.012859981507062912,
              -0.015310118906199932,
              0.03214995563030243,
              -0.026264438405632973,
              -0.009593131951987743,
              0.023542063310742378,
              -0.020314104855060577,
              -0.009508867748081684,
              -0.013741512782871723,
              0.021182671189308167,
              -0.0387614369392395,
              0.009431085549294949,
              0.0007915953756310046,
              -0.00401226244866848,
              0.012821090407669544,
              0.006478604860603809,
              0.0021082202438265085,
              0.004407654982060194,
              -0.004854902159422636,
              -0.009897777810692787,
              -0.016710197553038597,
              0.008543072268366814,
              -0.020067794248461723,
              -0.0023042960092425346,
              -0.012056232430040836,
              0.006345727015286684,
              0.013702621683478355,
              -0.00011677449947455898,
              -0.003236061427742243,
              -0.01884920708835125,
              -0.034224145114421844,
              -0.014986027032136917,
              -0.0005752638098783791,
              0.0033251869026571512,
              0.023943938314914703,
              0.015439756214618683,
              -0.012017341330647469,
              -0.04101711884140968,
              0.004229404032230377,
              0.03873550891876221,
              -0.003597424365580082,
              -0.00036784473923034966,
              -0.005707264877855778,
              0.006974465679377317,
              -0.00912643875926733,
              0.0076680234633386135,
              0.025771819055080414,
              0.0023286030627787113,
              -0.013326674699783325,
              -0.0037205794360488653,
              -0.07467085868120193,
              0.032668501138687134,
              0.020651159808039665,
              -0.007823587395250797,
              -0.001795471180230379,
              -0.0008288660319522023,
              0.013456311076879501,
              -0.03318705037236214,
              -0.011356193572282791,
              0.004987780004739761,
              -0.01997704803943634,
              0.03536494821310043,
              0.016891689971089363,
              -0.011038582772016525,
              -0.0015110803069546819,
              -0.008685673587024212,
              0.029868343845009804,
              -0.017838038504123688,
              0.0177732203155756,
              -0.0024874082300812006,
              -0.01997704803943634,
              -0.01765654794871807,
              0.013508166186511517,
              0.014480442740023136,
              -0.021403053775429726,
              0.0036816883366554976,
              -0.007791178300976753,
              0.011194147169589996,
              -0.018564006313681602,
              -0.012432180345058441,
              0.006728155538439751,
              -0.016295360401272774,
              -0.008523627184331417,
              0.037828050553798676,
              -0.004255331587046385,
              0.0037529885303229094,
              -0.013469275087118149,
              0.004540532827377319,
              0.0006137497839517891,
              -0.021895674988627434,
              0.0135989123955369,
              -0.019082553684711456,
              0.012834054417908192,
              -0.012736826203763485,
              0.002581394976004958,
              0.0009090788662433624,
              -0.0043622818775475025,
              0.016515742987394333,
              0.004780360963195562,
              0.0072531853802502155,
              0.02924608811736107,
              0.013443347997963428,
              -0.007006875239312649,
              -0.014610080048441887,
              0.000700849574059248,
              -0.04939166456460953,
              -0.0014673278201371431,
              -0.026964478194713593,
              -0.004427100531756878,
              -0.022958697751164436,
              0.025188451632857323,
              0.003023780882358551,
              0.027379315346479416,
              -0.016450924798846245,
              0.006287390366196632,
              -0.000017989654224948026,
              -0.002184381941333413,
              -0.0008146869949996471,
              0.005564664490520954,
              -0.04376542195677757,
              -0.0013417419977486134,
              -0.0052989087998867035,
              -0.008873647078871727,
              -0.007142994087189436,
              0.01884920708835125,
              0.010883018374443054,
              0.000506394193507731,
              -0.027379315346479416,
              -0.006472122855484486,
              0.002813121071085334,
              0.011719176545739174,
              -0.027923790737986565,
              -0.022867951542139053,
              0.010578371584415436,
              0.01615276001393795,
              0.02482546865940094,
              0.005927647929638624,
              -0.0013368806103244424,
              -0.0006980137550272048,
              0.009243112057447433,
              -0.018641788512468338,
              -0.006345727015286684,
              -0.0036525200121104717,
              -0.000055095686548156664,
              0.002393421484157443,
              0.025862563401460648,
              0.018460296094417572,
              -0.00926255714148283,
              -0.0169694721698761,
              0.010079270228743553,
              0.0193936824798584,
              0.012795163318514824,
              0.014415624551475048,
              -0.007726360112428665,
              -0.029686853289604187,
              0.0030221606139093637,
              -0.0071300300769507885,
              -0.04405062273144722,
              -0.020962288603186607,
              0.006805937737226486,
              -0.008828273974359035,
              0.014532297849655151,
              0.0025295403320342302,
              0.015374938026070595,
              -0.005943852476775646,
              -0.0063360040076076984,
              -0.006536941509693861,
              0.004880829714238644,
              -0.03261664882302284,
              0.017267636954784393,
              0.0003808084293268621,
              -0.01133026648312807,
              0.017358383163809776,
              -0.001617220463231206,
              0.022543858736753464,
              0.004699338227510452,
              -0.007765251211822033,
              -0.0030642924830317497,
              -0.012646080926060677,
              0.004731747321784496,
              -0.022323476150631905,
              0.001811675843782723,
              -0.020171504467725754,
              -0.02735338918864727,
              -0.004410895984619856,
              -0.0298942718654871,
              -0.03124249540269375,
              0.02255682274699211,
              -0.00947645865380764,
              0.058336611837148666,
              0.007266148924827576,
              0.00048249238170683384,
              -0.015789775177836418,
              0.001097862608730793,
              0.0177732203155756,
              0.03798361495137215,
              -0.025888491421937943,
              -0.006676300894469023,
              -0.01879735291004181,
              -0.0033025003504008055,
              0.0150767732411623,
              0.011732140555977821,
              -0.009651468135416508,
              -0.018188059329986572,
              0.0053313178941607475,
              -0.0074606044217944145,
              -0.0027272365987300873,
              -0.004699338227510452,
              -0.003866420825943351,
              0.00561327813193202,
              -0.010345025919377804,
              0.007732841651886702,
              -0.016010157763957977,
              -0.013300747610628605,
              0.008348616771399975,
              -0.008659745566546917,
              -0.010753381997346878,
              -0.01717689074575901,
              -0.028131209313869476,
              0.006601759698241949,
              -0.00046750312321819365,
              -0.015245300717651844,
              -0.0055549414828419685,
              0.00595033448189497,
              -0.022479040548205376,
              -0.013197037391364574,
              0.007894887588918209,
              0.0007271820795722306,
              0.008808827959001064,
              0.014558224938809872,
              0.02805342711508274,
              -0.00438820943236351,
              0.001274492940865457,
              -0.038268815726041794,
              -0.019743701443076134,
              0.000991722336038947,
              0.01042280811816454,
              -0.011012655682861805
            ],
            "id": "embed-text-embedding-ada-002-HowdoI",
            "input": "How do I request a refund for a subscription?",
            "model": "text-embedding-ada-002"
          },
          "sensitive_attributes": []
        }
      ]
    },
    {
      "mode": "managed",
      "type": "openai_file",
      "name": "knowledge_base",
      "provider": "provider[\"registry.terraform.io/happypathway/openai\"]",
      "instances": [
        {
          "schema_version": 0,
          "attributes": {
            "bytes": 29,
            "created_at": 1741274618,
            "file_path": "./data/company_info.json",
            "filename": "./data/company_info.json",
            "id": "file-MbymMYYBkkPG8HeFbPPFPi",
            "object_id": "file-MbymMYYBkkPG8HeFbPPFPi",
            "purpose": "assistants",
            "status": "processed",
            "status_details": ""
          },
          "sensitive_attributes": []
        }
      ]
    },
    {
      "mode": "managed",
      "type": "openai_message",
      "name": "initial_question",
      "provider": "provider[\"registry.terraform.io/happypathway/openai\"]",
      "instances": [
        {
          "status": "tainted",
          "schema_version": 0,
          "attributes": {
            "assistant_id": "asst_Cy89qgoQYMBcAhZzBo3Bi8hH",
            "content": "What are your company's refund policies?",
            "created_at": 1741281198,
            "file_ids": null,
            "id": "msg_VLS1Cc9tNOatzGcrLFi4dUIC",
            "metadata": {
              "browser": "chrome",
              "source": "web"
            },
            "object_id": "msg_VLS1Cc9tNOatzGcrLFi4dUIC",
            "response_content": null,
            "role": "user",
            "run_id": "run_4uulbBnVxgiuxnXwitxxB04f",
            "thread_id": "thread_G2gp9IIQK81W30IComzcjH5O",
            "wait_for_response": null
          },
          "sensitive_attributes": [],
          "dependencies": [
            "data.openai_model.gpt3_5_turbo",
            "openai_assistant.support_assistant",
            "openai_thread.customer_inquiry"
          ]
        }
      ]
    },
    {
      "mode": "managed",
      "type": "openai_thread",
      "name": "customer_inquiry",
      "provider": "provider[\"registry.terraform.io/happypathway/openai\"]",
      "instances": [
        {
          "schema_version": 0,
          "attributes": {
            "created_at": 1741250023,
            "id": "thread_G2gp9IIQK81W30IComzcjH5O",
            "metadata": {
              "customer_id": "cust_12345",
              "topic": "product-question"
            },
            "object_id": "thread_G2gp9IIQK81W30IComzcjH5O"
          },
          "sensitive_attributes": []
        }
      ]
    }
  ],
  "check_results": null
}
