{
  "version": 4,
  "terraform_version": "1.10.5",
  "serial": 12,
  "lineage": "1717d61f-472e-5551-5119-cd1da791a7f5",
  "outputs": {
    "fine_tune_status": {
      "value": "validating_files",
      "type": "string"
    },
    "fine_tuned_model": {
      "value": "",
      "type": "string"
    }
  },
  "resources": [
    {
      "mode": "managed",
      "type": "openai_file",
      "name": "training_data",
      "provider": "provider[\"registry.terraform.io/happypathway/openai\"]",
      "instances": [
        {
          "schema_version": 0,
          "attributes": {
            "bytes": 85,
            "content": null,
            "created_at": 1741490625,
            "file_path": "./data/training_data.jsonl",
            "filename": "training_data.jsonl",
            "id": "file-4zSwMcmhmP6HJE9p24DEfy",
            "object_id": "file-4zSwMcmhmP6HJE9p24DEfy",
            "purpose": "fine-tune",
            "status": "processed",
            "status_details": null
          },
          "sensitive_attributes": [
            [
              {
                "type": "get_attr",
                "value": "content"
              }
            ]
          ]
        }
      ]
    },
    {
      "mode": "managed",
      "type": "openai_file",
      "name": "validation_data",
      "provider": "provider[\"registry.terraform.io/happypathway/openai\"]",
      "instances": [
        {
          "schema_version": 0,
          "attributes": {
            "bytes": 89,
            "content": null,
            "created_at": 1741490625,
            "file_path": "./data/validation_data.jsonl",
            "filename": "validation_data.jsonl",
            "id": "file-BCCg8vtmFpiG5C9qf2dCfQ",
            "object_id": "file-BCCg8vtmFpiG5C9qf2dCfQ",
            "purpose": "fine-tune",
            "status": "processed",
            "status_details": null
          },
          "sensitive_attributes": [
            [
              {
                "type": "get_attr",
                "value": "content"
              }
            ]
          ]
        }
      ]
    },
    {
      "mode": "managed",
      "type": "openai_fine_tune",
      "name": "custom_model",
      "provider": "provider[\"registry.terraform.io/happypathway/openai\"]",
      "instances": [
        {
          "schema_version": 0,
          "attributes": {
            "batch_size": null,
            "classification_n_classes": null,
            "classification_positive_class": null,
            "compute_classification_metrics": null,
            "created_at": 1741490627,
            "epochs": 4,
            "fine_tuned_model": "",
            "id": "ftjob-PRJIRbxehtimOK0Tgi3NWqsW",
            "learning_rate_multiplier": null,
            "model": "gpt-3.5-turbo",
            "object_id": "ftjob-PRJIRbxehtimOK0Tgi3NWqsW",
            "organization_id": "org-DFrRjAVSvQXFxg3DN9c059Ow",
            "prompt_loss_weight": null,
            "result_files": [],
            "status": "validating_files",
            "suffix": "customer-service-assistant",
            "training_file_id": "file-4zSwMcmhmP6HJE9p24DEfy",
            "validation_file_id": "file-BCCg8vtmFpiG5C9qf2dCfQ"
          },
          "sensitive_attributes": [],
          "dependencies": [
            "openai_file.training_data",
            "openai_file.validation_data"
          ]
        }
      ]
    }
  ],
  "check_results": null
}
