{
  "version": 4,
  "terraform_version": "1.10.5",
  "serial": 2,
  "lineage": "b25321e3-717a-c902-2488-b69bfe1f28b4",
  "outputs": {
    "chat_response": {
      "value": "Terraform scripts run,\nCloud infrastructure spun,\nNew worlds under sun.\n",
      "type": "string"
    }
  },
  "resources": [
    {
      "mode": "data",
      "type": "openai_model",
      "name": "gpt4",
      "provider": "provider[\"registry.terraform.io/happypathway/openai\"]",
      "instances": [
        {
          "schema_version": 0,
          "attributes": {
            "created": 1687882411,
            "filter_owner": null,
            "id": "gpt-4",
            "model_id": "gpt-4",
            "object": "model",
            "owned_by": "openai"
          },
          "sensitive_attributes": []
        }
      ]
    },
    {
      "mode": "managed",
      "type": "openai_chat_completion",
      "name": "example",
      "provider": "provider[\"registry.terraform.io/happypathway/openai\"]",
      "instances": [
        {
          "schema_version": 0,
          "attributes": {
            "id": "chat-gpt-4-1740981184",
            "max_tokens": 150,
            "messages": [
              {
                "content": "You are a helpful assistant.",
                "role": "system"
              },
              {
                "content": "Write a haiku about Terraform.",
                "role": "user"
              }
            ],
            "model": "gpt-4",
            "n": null,
            "response_content": [
              "Terraform scripts run,\nCloud infrastructure spun,\nNew worlds under sun.\n"
            ],
            "response_role": "assistant",
            "temperature": 0.7,
            "top_p": null
          },
          "sensitive_attributes": [],
          "dependencies": [
            "data.openai_model.gpt4"
          ]
        }
      ]
    }
  ],
  "check_results": null
}
